{
  "version": 4,
  "terraform_version": "1.2.7",
  "serial": 26,
  "lineage": "aafe8a52-4391-7660-7e87-dd9d3ec43d67",
  "outputs": {
    "For_connecting_website": {
      "value": "54.227.11.168",
      "type": "string"
    }
  },
  "resources": [
    {
      "module": "module.compute",
      "mode": "data",
      "type": "aws_security_group",
      "name": "dallow_http_ssh-id",
      "provider": "provider[\"registry.terraform.io/hashicorp/aws\"]",
      "instances": [
        {
          "schema_version": 0,
          "attributes": {
            "arn": "arn:aws:ec2:us-east-1:840175130015:security-group/sg-0ed95500d8133fab4",
            "description": "Allow http inbound traffic",
            "filter": null,
            "id": "sg-0ed95500d8133fab4",
            "name": "allow_http",
            "tags": {
              "Name": "allow_http_ssh",
              "from": "terraform",
              "owner": "Adolfo.Ninapaytan"
            },
            "timeouts": null,
            "vpc_id": "vpc-08e4c8b41a3ae8d58"
          },
          "sensitive_attributes": []
        }
      ]
    },
    {
      "module": "module.compute",
      "mode": "data",
      "type": "aws_subnet",
      "name": "dsubnet-a-private",
      "provider": "provider[\"registry.terraform.io/hashicorp/aws\"]",
      "instances": [
        {
          "schema_version": 0,
          "attributes": {
            "arn": "arn:aws:ec2:us-east-1:840175130015:subnet/subnet-00534fcf004c514f9",
            "assign_ipv6_address_on_creation": false,
            "availability_zone": "us-east-1a",
            "availability_zone_id": "use1-az4",
            "available_ip_address_count": 251,
            "cidr_block": "10.0.1.0/24",
            "customer_owned_ipv4_pool": "",
            "default_for_az": false,
            "enable_dns64": false,
            "enable_resource_name_dns_a_record_on_launch": false,
            "enable_resource_name_dns_aaaa_record_on_launch": false,
            "filter": null,
            "id": "subnet-00534fcf004c514f9",
            "ipv6_cidr_block": "",
            "ipv6_cidr_block_association_id": "",
            "ipv6_native": false,
            "map_customer_owned_ip_on_launch": false,
            "map_public_ip_on_launch": false,
            "outpost_arn": "",
            "owner_id": "840175130015",
            "private_dns_hostname_type_on_launch": "ip-name",
            "state": "available",
            "tags": {
              "Name": "subnet-a-private",
              "from": "terraform",
              "owner": "Adolfo.Ninapaytan"
            },
            "timeouts": null,
            "vpc_id": "vpc-08e4c8b41a3ae8d58"
          },
          "sensitive_attributes": []
        }
      ]
    },
    {
      "module": "module.compute",
      "mode": "data",
      "type": "aws_subnet",
      "name": "dsubnet-a-public",
      "provider": "provider[\"registry.terraform.io/hashicorp/aws\"]",
      "instances": [
        {
          "schema_version": 0,
          "attributes": {
            "arn": "arn:aws:ec2:us-east-1:840175130015:subnet/subnet-056d20cd53a55493b",
            "assign_ipv6_address_on_creation": false,
            "availability_zone": "us-east-1a",
            "availability_zone_id": "use1-az4",
            "available_ip_address_count": 251,
            "cidr_block": "10.0.0.0/24",
            "customer_owned_ipv4_pool": "",
            "default_for_az": false,
            "enable_dns64": false,
            "enable_resource_name_dns_a_record_on_launch": false,
            "enable_resource_name_dns_aaaa_record_on_launch": false,
            "filter": null,
            "id": "subnet-056d20cd53a55493b",
            "ipv6_cidr_block": "",
            "ipv6_cidr_block_association_id": "",
            "ipv6_native": false,
            "map_customer_owned_ip_on_launch": false,
            "map_public_ip_on_launch": true,
            "outpost_arn": "",
            "owner_id": "840175130015",
            "private_dns_hostname_type_on_launch": "ip-name",
            "state": "available",
            "tags": {
              "Name": "subnet-a-public",
              "from": "terraform",
              "owner": "Adolfo.Ninapaytan"
            },
            "timeouts": null,
            "vpc_id": "vpc-08e4c8b41a3ae8d58"
          },
          "sensitive_attributes": []
        }
      ]
    },
    {
      "module": "module.compute",
      "mode": "data",
      "type": "aws_subnet",
      "name": "dsubnet-b-private",
      "provider": "provider[\"registry.terraform.io/hashicorp/aws\"]",
      "instances": [
        {
          "schema_version": 0,
          "attributes": {
            "arn": "arn:aws:ec2:us-east-1:840175130015:subnet/subnet-06d2f716fda2e4e2d",
            "assign_ipv6_address_on_creation": false,
            "availability_zone": "us-east-1b",
            "availability_zone_id": "use1-az6",
            "available_ip_address_count": 251,
            "cidr_block": "10.0.3.0/24",
            "customer_owned_ipv4_pool": "",
            "default_for_az": false,
            "enable_dns64": false,
            "enable_resource_name_dns_a_record_on_launch": false,
            "enable_resource_name_dns_aaaa_record_on_launch": false,
            "filter": null,
            "id": "subnet-06d2f716fda2e4e2d",
            "ipv6_cidr_block": "",
            "ipv6_cidr_block_association_id": "",
            "ipv6_native": false,
            "map_customer_owned_ip_on_launch": false,
            "map_public_ip_on_launch": false,
            "outpost_arn": "",
            "owner_id": "840175130015",
            "private_dns_hostname_type_on_launch": "ip-name",
            "state": "available",
            "tags": {
              "Name": "subnet-b-private",
              "from": "terraform",
              "owner": "Adolfo.Ninapaytan"
            },
            "timeouts": null,
            "vpc_id": "vpc-08e4c8b41a3ae8d58"
          },
          "sensitive_attributes": []
        }
      ]
    },
    {
      "module": "module.compute",
      "mode": "data",
      "type": "aws_subnet",
      "name": "dsubnet-b-public",
      "provider": "provider[\"registry.terraform.io/hashicorp/aws\"]",
      "instances": [
        {
          "schema_version": 0,
          "attributes": {
            "arn": "arn:aws:ec2:us-east-1:840175130015:subnet/subnet-0f5ee6c976ff241dc",
            "assign_ipv6_address_on_creation": false,
            "availability_zone": "us-east-1b",
            "availability_zone_id": "use1-az6",
            "available_ip_address_count": 251,
            "cidr_block": "10.0.2.0/24",
            "customer_owned_ipv4_pool": "",
            "default_for_az": false,
            "enable_dns64": false,
            "enable_resource_name_dns_a_record_on_launch": false,
            "enable_resource_name_dns_aaaa_record_on_launch": false,
            "filter": null,
            "id": "subnet-0f5ee6c976ff241dc",
            "ipv6_cidr_block": "",
            "ipv6_cidr_block_association_id": "",
            "ipv6_native": false,
            "map_customer_owned_ip_on_launch": false,
            "map_public_ip_on_launch": true,
            "outpost_arn": "",
            "owner_id": "840175130015",
            "private_dns_hostname_type_on_launch": "ip-name",
            "state": "available",
            "tags": {
              "Name": "subnet-b-public",
              "from": "terraform",
              "owner": "Adolfo.Ninapaytan"
            },
            "timeouts": null,
            "vpc_id": "vpc-08e4c8b41a3ae8d58"
          },
          "sensitive_attributes": []
        }
      ]
    },
    {
      "module": "module.compute",
      "mode": "managed",
      "type": "aws_instance",
      "name": "webserver",
      "provider": "provider[\"registry.terraform.io/hashicorp/aws\"]",
      "instances": [
        {
          "schema_version": 1,
          "attributes": {
            "ami": "ami-05fa00d4c63e32376",
            "arn": "arn:aws:ec2:us-east-1:840175130015:instance/i-07691a490104b0d97",
            "associate_public_ip_address": true,
            "availability_zone": "us-east-1a",
            "capacity_reservation_specification": [
              {
                "capacity_reservation_preference": "open",
                "capacity_reservation_target": []
              }
            ],
            "cpu_core_count": 1,
            "cpu_threads_per_core": 1,
            "credit_specification": [
              {
                "cpu_credits": "standard"
              }
            ],
            "disable_api_stop": false,
            "disable_api_termination": false,
            "ebs_block_device": [],
            "ebs_optimized": false,
            "enclave_options": [
              {
                "enabled": false
              }
            ],
            "ephemeral_block_device": [],
            "get_password_data": false,
            "hibernation": false,
            "host_id": null,
            "host_resource_group_arn": null,
            "iam_instance_profile": "",
            "id": "i-07691a490104b0d97",
            "instance_initiated_shutdown_behavior": "stop",
            "instance_state": "running",
            "instance_type": "t2.micro",
            "ipv6_address_count": 0,
            "ipv6_addresses": [],
            "key_name": "webserver",
            "launch_template": [],
            "maintenance_options": [
              {
                "auto_recovery": "default"
              }
            ],
            "metadata_options": [
              {
                "http_endpoint": "enabled",
                "http_put_response_hop_limit": 1,
                "http_tokens": "optional",
                "instance_metadata_tags": "disabled"
              }
            ],
            "monitoring": false,
            "network_interface": [],
            "outpost_arn": "",
            "password_data": "",
            "placement_group": "",
            "placement_partition_number": null,
            "primary_network_interface_id": "eni-021cd21b11f7163a1",
            "private_dns": "ip-10-0-0-125.ec2.internal",
            "private_dns_name_options": [
              {
                "enable_resource_name_dns_a_record": false,
                "enable_resource_name_dns_aaaa_record": false,
                "hostname_type": "ip-name"
              }
            ],
            "private_ip": "10.0.0.125",
            "public_dns": "ec2-54-227-11-168.compute-1.amazonaws.com",
            "public_ip": "54.227.11.168",
            "root_block_device": [
              {
                "delete_on_termination": true,
                "device_name": "/dev/xvda",
                "encrypted": false,
                "iops": 100,
                "kms_key_id": "",
                "tags": {},
                "throughput": 0,
                "volume_id": "vol-03190955bc653e2dc",
                "volume_size": 8,
                "volume_type": "gp2"
              }
            ],
            "secondary_private_ips": [],
            "security_groups": [],
            "source_dest_check": true,
            "subnet_id": "subnet-056d20cd53a55493b",
            "tags": {
              "Name": "webserver_task1"
            },
            "tags_all": {
              "Name": "webserver_task1",
              "from": "terraform",
              "owner": "Adolfo.Ninapaytan"
            },
            "tenancy": "default",
            "timeouts": null,
            "user_data": null,
            "user_data_base64": null,
            "user_data_replace_on_change": false,
            "volume_tags": null,
            "vpc_security_group_ids": [
              "sg-0ed95500d8133fab4"
            ]
          },
          "sensitive_attributes": [],
          "private": "eyJlMmJmYjczMC1lY2FhLTExZTYtOGY4OC0zNDM2M2JjN2M0YzAiOnsiY3JlYXRlIjo2MDAwMDAwMDAwMDAsImRlbGV0ZSI6MTIwMDAwMDAwMDAwMCwidXBkYXRlIjo2MDAwMDAwMDAwMDB9LCJzY2hlbWFfdmVyc2lvbiI6IjEifQ==",
          "dependencies": [
            "module.compute.aws_key_pair.webserver_key",
            "module.compute.data.aws_subnet.dsubnet-a-public",
            "module.compute.tls_private_key.webserver_private_key",
            "module.network.aws_subnet.subnet-a-public",
            "module.network.aws_vpc.vpc-adolfo",
            "module.security-groups.aws_security_group.allow_http_ssh",
            "module.security-groups.data.aws_vpc.dvpc-adolfo"
          ]
        }
      ]
    },
    {
      "module": "module.compute",
      "mode": "managed",
      "type": "aws_key_pair",
      "name": "webserver_key",
      "provider": "provider[\"registry.terraform.io/hashicorp/aws\"]",
      "instances": [
        {
          "schema_version": 1,
          "attributes": {
            "arn": "arn:aws:ec2:us-east-1:840175130015:key-pair/webserver",
            "fingerprint": "2c:ad:1a:12:f8:94:bd:96:f5:be:c6:e3:99:a3:86:76",
            "id": "webserver",
            "key_name": "webserver",
            "key_name_prefix": "",
            "key_pair_id": "key-0bee095b3373d61a3",
            "key_type": "rsa",
            "public_key": "ssh-rsa AAAAB3NzaC1yc2EAAAADAQABAAACAQDJLluV0spkKwvlaGJSUXv2Ycir3QAQla7jbZl1zhiCDI96BDlrQjTkpc+lcUlEWKCWfybLK6Eyn4LQ0qTGgdNpYW8S4Vsa1tz0qcA4hhPNjccTtJopw9sROejyttShPaj8DdLc/SVIYowI90jvE4o8Zgl8d3GsvQ7hjUdoFJA5MXXWmTqqU5uX1FSsHcJXJoGYM42pewCwqW5VYac6pFgjbCXBhOUqxLnOkbhpbOtVoxjkLSqqU0+SSmf6duZHI/pfH0g94UGEeeSa9ulXKJGpBEqHYpn8ZUc7OXN5qnV2WalZcm0NIijCQgfAuoGfcake/gS+AR5Bd38aSaY0oWryzukld3RrkKSg5ALY0PZ4yr9JN1iZY0K49lnGmosfXdxG+w6Q8EOONj1emCw+1n4INluPrXG+4oatIGdjwYw9nRo1r8iYoRUJb1+wE/AZp3fiLWdCXBVhvVkh8N4TSiyjuH1J7lneasHoyuWb9jteDVHK8EfB3noexkN4TEGh7a1zxYMEXlRYF7+goW2g/rSfVwm2FzaUIHK4MkuTKBztmsQHzFGBhYirwi+GYZtzVFuBnzeTn2TChrdvf+OFxnxt8Tkz0ZQQkmruLy/MUUUj5ZsOmRaX4QjgnsDLWfaXzbS25HZkTzO0NrRpMRNRhmqcLeZgorVQsNSjs6W81oYdbQ==",
            "tags": null,
            "tags_all": {
              "from": "terraform",
              "owner": "Adolfo.Ninapaytan"
            }
          },
          "sensitive_attributes": [],
          "private": "eyJzY2hlbWFfdmVyc2lvbiI6IjEifQ==",
          "dependencies": [
            "module.compute.tls_private_key.webserver_private_key"
          ]
        }
      ]
    },
    {
      "module": "module.compute",
      "mode": "managed",
      "type": "local_file",
      "name": "private_key",
      "provider": "provider[\"registry.terraform.io/hashicorp/local\"]",
      "instances": [
        {
          "schema_version": 0,
          "attributes": {
            "content": "-----BEGIN RSA PRIVATE KEY-----\nMIIJKQIBAAKCAgEAyS5bldLKZCsL5WhiUlF79mHIq90AEJWu422Zdc4YggyPegQ5\na0I05KXPpXFJRFigln8myyuhMp+C0NKkxoHTaWFvEuFbGtbc9KnAOIYTzY3HE7Sa\nKcPbETno8rbUoT2o/A3S3P0lSGKMCPdI7xOKPGYJfHdxrL0O4Y1HaBSQOTF11pk6\nqlObl9RUrB3CVyaBmDONqXsAsKluVWGnOqRYI2wlwYTlKsS5zpG4aWzrVaMY5C0q\nqlNPkkpn+nbmRyP6Xx9IPeFBhHnkmvbpVyiRqQRKh2KZ/GVHOzlzeap1dlmpWXJt\nDSIowkIHwLqBn3GpHv4EvgEeQXd/GkmmNKFq8s7pJXd0a5CkoOQC2ND2eMq/STdY\nmWNCuPZZxpqLH13cRvsOkPBDjjY9XpgsPtZ+CDZbj61xvuKGrSBnY8GMPZ0aNa/I\nmKEVCW9fsBPwGad34i1nQlwVYb1ZIfDeE0oso7h9Se5Z3mrB6Mrlm/Y7Xg1RyvBH\nwd56HsZDeExBoe2tc8WDBF5UWBe/oKFtoP60n1cJthc2lCByuDJLkygc7ZrEB8xR\ngYWIq8IvhmGbc1RbgZ83k59kwoa3b3/jhcZ8bfE5M9GUEJJq7i8vzFFFI+WbDpkW\nl+EI4J7Ay1n2l820tuR2ZE8ztDa0aTETUYZqnC3mYKK1ULDUo7OlvNaGHW0CAwEA\nAQKCAgEAtW/Cl1d4wmf0HZxLeBQW6Th9A0qYAV0NUf0JNq59eeQcDZ37rtkR3NgR\nchK+Ug5gHfpkoT0i7wXes7gVdRWm9dYyl2N4h7cZpOnm+tMozuw7i3EIy/vf+SQy\nC5uKHjT+zvsknbsMQcDmrDtgooUL2bbofUE32uLSpeaFbL+G5p3NuZGN0AkBPSf4\niRV5rKGEpSBxdVUCZVEYuZYNfJy1BJVHY8UX7L9pF3xiRWo+v4gNLdPyM5RZIgVK\nyx8qRSSUa+9Jds1NCk3oNz3RaZKj8zt0f68UUwV//VCt7R8nOmpYidvhr8OL4M4u\nMcnCl2qpbNMIsddOUxqTHcEoTTT6vpBDG9FLugYRuYAGOa6TAyBtNo91y9n2ni1G\nqlafgtIpxSa5YvkpqPBLFD8F6KIar6zK6xs1GWJc3X+3iHRt+0EJlPswnctKzfqt\nZ2STyPrweY/lGYJ7+IUBFxxZGamZEBpWv6hfvxmFpeMmyXkXsOeqzEWw9IHc35u7\nZUnykCvBTbPuZviD0bvEBafjc6We0MKKOFe5ra93VxubOw3sAlDZdxlDdxuvCsVs\nOSL40egs1IdN+z1KQ9iUKKOsMR7//vFXHLr4/5mRBD9TlAp8G2Lsuc+2j0tlcZRi\nxI2EdNkuBDspKF4zVRvEOH+m6IceJeM0NbtHrDhWDY6dxwxFvH0CggEBANP7Z6ZY\nmGR2+ZYqGNVzFBZHXlP6cOy2n9bY1j3lLxVGCz+cZZBJxIOrYa0NNQvlLdJoO0Qr\nlE4R9rk0ADA7ka0oqxjkxGPqsBcgHmqjctqfbQaphLZ91BeyP/+ZqzpftjRPvnvS\nlFwxa+WsnDD0l1KBl91xyeD0HyIvk2t5MnsH0JwyfYntFXNfd1y5TPeb3pkhL4yy\nyl1HXhwbgl6OdwwV29j4wsIfvm2P58tfDyl21+11BQLTKY+V4z7iSAyLeyiNUiC2\npekNbQKmuy52rwOK+1OVwm4zdIAVySGn6WbRdI3Fgbfta0+9eh3CaSGyynlATbzP\n2/mHYieVDr5Oe4sCggEBAPL0yt1+aFwhhx+xnSJHjKi4dTnlfv1wPjvfy6YV6t7w\nrpY5mZcpfxZS4zqta/bJpnKdFxRvv5Lh8G9zoTF0FeOLNejepzuo7ejhg9pyFHyQ\nOiP0C2mQErv4/pDh55Nk/LaIsSwYinY3nNgALKXAs6GwV962V0QjjirltIs7dMc8\nGXpRToYDNPCSjcNUKbcWXnoGOcGn+n4weSsKl8VWalbk/Q+1sVXx5bfvcmBu2MmC\njVddM/CD7FAQqeKJQLFCxU7w0V/lsPSqh0iuSLOdBABQ9pecEIF1CvzD/v3uLcpl\nIFVBcGq93rQIHWqTlAznITESpWsp3t3rEiJUIMyuSecCggEAOgVr/1nsjEMMWY+4\nMGRJMTfjl7TKx9/MrC+5pENgub/sQEL8gZvPUALOv2EIDfNysU6aOjR7aUr9bv/O\ntWT4oJ6rBitHndmUzR+bc7C9NR3B57rqelDChqHhZoKXHWkpI/RXvOiMdxeH4tt1\n/OhVqt2RxajpissG4oKHJTmNGaOv87DWL7RW1LdiolyNtpBRQzSUITymqxVnquXU\nrzDrYMFy5VZhaGTr6G0lEsM4ES9YNsR61KUbkRODmaix880Rrq3PtuiHTNzB46Hj\nRfpyONQHqn8pMqSe1Jgh7zZYai4Wat+Oe9teLfs8u3yE7hZT2RBCttVl7kyiDxd7\na5drtQKCAQAwIzJiql4RCw+TxwREO3ryHwITA5airm+WO2RFNwh/PZ7J4wW8fptQ\nmAGvqZa/ofqZsOhWw0Fo391cp8NjYgXIPNfkmOD3oCPrRWtzh7DpcUYjw4HTW5lq\npw4BNNFGUfcET5cTDpW4kJJB9d7ixIiS27a9SNGHjafodfTMtW4Q36aIpr1xLgd6\nNv9hmTZesU7szHj7FsY55G7NiV7C2bleGCbPywck6TXDuOynkK7hVj2c9rmIyQq0\nXmjamqk3tewUFQDXCFKEV5lQXD/JXq3hRillpqVakQ8pP8gxFdT6ygia+8lDTPVo\nJEd3y1/FIrJf37rovbYLsDy6koKhK1M3AoIBAQDJngO7nlQUF8fVLFCGPB8j/0yo\n4LxCBPW8oKkK6cci6wmVGL0tGJXlglosoT7rB5lep4bmYH49CYfhtfjQUO8XMSXq\nIvAqv9ZfMBt2AsvC3m7GXxIGkmo4P0tx04i7dQxzHd6V4AW+DWiAPUtnotUlYg3r\n1cGMm0D+yhrx4NdriEAzj5TlDQ0li9kLAX4FZPe1ADKnYnWbwFljVqwSaRbdJxG6\nIfR11ab/haW8az9Y/X4K2TQBNvo3C1EVKSAbWKI69TKUJnFDKuWJ8pMEdYKZG1LT\nu+ZNIwt0m7Cra2M0xytDV8wNMAIo4NFINSzEzlsz7Mb/g+qwhbg/PbItpSZe\n-----END RSA PRIVATE KEY-----\n",
            "content_base64": null,
            "directory_permission": "0777",
            "file_permission": "400",
            "filename": "webserver_key.pem",
            "id": "2896ae8d7885074ea09c3b944f3b880f5aa114d6",
            "sensitive_content": null,
            "source": null
          },
          "sensitive_attributes": [
            [
              {
                "type": "get_attr",
                "value": "content"
              }
            ]
          ],
          "private": "bnVsbA==",
          "dependencies": [
            "module.compute.tls_private_key.webserver_private_key"
          ]
        }
      ]
    },
    {
      "module": "module.compute",
      "mode": "managed",
      "type": "tls_private_key",
      "name": "webserver_private_key",
      "provider": "provider[\"registry.terraform.io/hashicorp/tls\"]",
      "instances": [
        {
          "schema_version": 1,
          "attributes": {
            "algorithm": "RSA",
            "ecdsa_curve": "P224",
            "id": "232cf5c2920f558da61a6e5df30e017702d6239e",
            "private_key_openssh": "-----BEGIN OPENSSH PRIVATE KEY-----\nb3BlbnNzaC1rZXktdjEAAAAABG5vbmUAAAAEbm9uZQAAAAAAAAABAAACFwAAAAdz\nc2gtcnNhAAAAAwEAAQAAAgEAyS5bldLKZCsL5WhiUlF79mHIq90AEJWu422Zdc4Y\nggyPegQ5a0I05KXPpXFJRFigln8myyuhMp+C0NKkxoHTaWFvEuFbGtbc9KnAOIYT\nzY3HE7SaKcPbETno8rbUoT2o/A3S3P0lSGKMCPdI7xOKPGYJfHdxrL0O4Y1HaBSQ\nOTF11pk6qlObl9RUrB3CVyaBmDONqXsAsKluVWGnOqRYI2wlwYTlKsS5zpG4aWzr\nVaMY5C0qqlNPkkpn+nbmRyP6Xx9IPeFBhHnkmvbpVyiRqQRKh2KZ/GVHOzlzeap1\ndlmpWXJtDSIowkIHwLqBn3GpHv4EvgEeQXd/GkmmNKFq8s7pJXd0a5CkoOQC2ND2\neMq/STdYmWNCuPZZxpqLH13cRvsOkPBDjjY9XpgsPtZ+CDZbj61xvuKGrSBnY8GM\nPZ0aNa/ImKEVCW9fsBPwGad34i1nQlwVYb1ZIfDeE0oso7h9Se5Z3mrB6Mrlm/Y7\nXg1RyvBHwd56HsZDeExBoe2tc8WDBF5UWBe/oKFtoP60n1cJthc2lCByuDJLkygc\n7ZrEB8xRgYWIq8IvhmGbc1RbgZ83k59kwoa3b3/jhcZ8bfE5M9GUEJJq7i8vzFFF\nI+WbDpkWl+EI4J7Ay1n2l820tuR2ZE8ztDa0aTETUYZqnC3mYKK1ULDUo7OlvNaG\nHW0AAAc4WN9f4VjfX+EAAAAHc3NoLXJzYQAAAgEAyS5bldLKZCsL5WhiUlF79mHI\nq90AEJWu422Zdc4YggyPegQ5a0I05KXPpXFJRFigln8myyuhMp+C0NKkxoHTaWFv\nEuFbGtbc9KnAOIYTzY3HE7SaKcPbETno8rbUoT2o/A3S3P0lSGKMCPdI7xOKPGYJ\nfHdxrL0O4Y1HaBSQOTF11pk6qlObl9RUrB3CVyaBmDONqXsAsKluVWGnOqRYI2wl\nwYTlKsS5zpG4aWzrVaMY5C0qqlNPkkpn+nbmRyP6Xx9IPeFBhHnkmvbpVyiRqQRK\nh2KZ/GVHOzlzeap1dlmpWXJtDSIowkIHwLqBn3GpHv4EvgEeQXd/GkmmNKFq8s7p\nJXd0a5CkoOQC2ND2eMq/STdYmWNCuPZZxpqLH13cRvsOkPBDjjY9XpgsPtZ+CDZb\nj61xvuKGrSBnY8GMPZ0aNa/ImKEVCW9fsBPwGad34i1nQlwVYb1ZIfDeE0oso7h9\nSe5Z3mrB6Mrlm/Y7Xg1RyvBHwd56HsZDeExBoe2tc8WDBF5UWBe/oKFtoP60n1cJ\nthc2lCByuDJLkygc7ZrEB8xRgYWIq8IvhmGbc1RbgZ83k59kwoa3b3/jhcZ8bfE5\nM9GUEJJq7i8vzFFFI+WbDpkWl+EI4J7Ay1n2l820tuR2ZE8ztDa0aTETUYZqnC3m\nYKK1ULDUo7OlvNaGHW0AAAADAQABAAACAQC1b8KXV3jCZ/QdnEt4FBbpOH0DSpgB\nXQ1R/Qk2rn155BwNnfuu2RHc2BFyEr5SDmAd+mShPSLvBd6zuBV1Fab11jKXY3iH\ntxmk6eb60yjO7DuLcQjL+9/5JDILm4oeNP7O+ySduwxBwOasO2CihQvZtuh9QTfa\n4tKl5oVsv4bmnc25kY3QCQE9J/iJFXmsoYSlIHF1VQJlURi5lg18nLUElUdjxRfs\nv2kXfGJFaj6/iA0t0/IzlFkiBUrLHypFJJRr70l2zU0KTeg3PdFpkqPzO3R/rxRT\nBX/9UK3tHyc6aliJ2+Gvw4vgzi4xycKXaqls0wix105TGpMdwShNNPq+kEMb0Uu6\nBhG5gAY5rpMDIG02j3XL2faeLUaqVp+C0inFJrli+Smo8EsUPwXoohqvrMrrGzUZ\nYlzdf7eIdG37QQmU+zCdy0rN+q1nZJPI+vB5j+UZgnv4hQEXHFkZqZkQGla/qF+/\nGYWl4ybJeRew56rMRbD0gdzfm7tlSfKQK8FNs+5m+IPRu8QFp+NzpZ7Qwoo4V7mt\nr3dXG5s7DewCUNl3GUN3G68KxWw5IvjR6CzUh037PUpD2JQoo6wxHv/+8Vccuvj/\nmZEEP1OUCnwbYuy5z7aPS2VxlGLEjYR02S4EOykoXjNVG8Q4f6bohx4l4zQ1u0es\nOFYNjp3HDEW8fQAAAQEAyZ4Du55UFBfH1SxQhjwfI/9MqOC8QgT1vKCpCunHIusJ\nlRi9LRiV5YJaLKE+6weZXqeG5mB+PQmH4bX40FDvFzEl6iLwKr/WXzAbdgLLwt5u\nxl8SBpJqOD9LcdOIu3UMcx3eleAFvg1ogD1LZ6LVJWIN69XBjJtA/soa8eDXa4hA\nM4+U5Q0NJYvZCwF+BWT3tQAyp2J1m8BZY1asEmkW3ScRuiH0ddWm/4WlvGs/WP1+\nCtk0ATb6NwtRFSkgG1iiOvUylCZxQyrlifKTBHWCmRtS07vmTSMLdJuwq2tjNMcr\nQ1fMDTACKODRSDUsxM5bM+zG/4PqsIW4Pz2yLaUmXgAAAQEA0/tnpliYZHb5lioY\n1XMUFkdeU/pw7Laf1tjWPeUvFUYLP5xlkEnEg6thrQ01C+Ut0mg7RCuUThH2uTQA\nMDuRrSirGOTEY+qwFyAeaqNy2p9tBqmEtn3UF7I//5mrOl+2NE++e9KUXDFr5ayc\nMPSXUoGX3XHJ4PQfIi+Ta3kyewfQnDJ9ie0Vc193XLlM95vemSEvjLLKXUdeHBuC\nXo53DBXb2PjCwh++bY/ny18PKXbX7XUFAtMpj5XjPuJIDIt7KI1SILal6Q1tAqa7\nLnavA4r7U5XCbjN0gBXJIafpZtF0jcWBt+1rT716HcJpIbLKeUBNvM/b+YdiJ5UO\nvk57iwAAAQEA8vTK3X5oXCGHH7GdIkeMqLh1OeV+/XA+O9/LphXq3vCuljmZlyl/\nFlLjOq1r9smmcp0XFG+/kuHwb3OhMXQV44s16N6nO6jt6OGD2nIUfJA6I/QLaZAS\nu/j+kOHnk2T8toixLBiKdjec2AAspcCzobBX3rZXRCOOKuW0izt0xzwZelFOhgM0\n8JKNw1QptxZeegY5waf6fjB5KwqXxVZqVuT9D7WxVfHlt+9yYG7YyYKNV10z8IPs\nUBCp4olAsULFTvDRX+Ww9KqHSK5Is50EAFD2l5wQgXUK/MP+/e4tymUgVUFwar3e\ntAgdapOUDOchMRKlayne3esSIlQgzK5J5wAAAAAB\n-----END OPENSSH PRIVATE KEY-----\n",
            "private_key_pem": "-----BEGIN RSA PRIVATE KEY-----\nMIIJKQIBAAKCAgEAyS5bldLKZCsL5WhiUlF79mHIq90AEJWu422Zdc4YggyPegQ5\na0I05KXPpXFJRFigln8myyuhMp+C0NKkxoHTaWFvEuFbGtbc9KnAOIYTzY3HE7Sa\nKcPbETno8rbUoT2o/A3S3P0lSGKMCPdI7xOKPGYJfHdxrL0O4Y1HaBSQOTF11pk6\nqlObl9RUrB3CVyaBmDONqXsAsKluVWGnOqRYI2wlwYTlKsS5zpG4aWzrVaMY5C0q\nqlNPkkpn+nbmRyP6Xx9IPeFBhHnkmvbpVyiRqQRKh2KZ/GVHOzlzeap1dlmpWXJt\nDSIowkIHwLqBn3GpHv4EvgEeQXd/GkmmNKFq8s7pJXd0a5CkoOQC2ND2eMq/STdY\nmWNCuPZZxpqLH13cRvsOkPBDjjY9XpgsPtZ+CDZbj61xvuKGrSBnY8GMPZ0aNa/I\nmKEVCW9fsBPwGad34i1nQlwVYb1ZIfDeE0oso7h9Se5Z3mrB6Mrlm/Y7Xg1RyvBH\nwd56HsZDeExBoe2tc8WDBF5UWBe/oKFtoP60n1cJthc2lCByuDJLkygc7ZrEB8xR\ngYWIq8IvhmGbc1RbgZ83k59kwoa3b3/jhcZ8bfE5M9GUEJJq7i8vzFFFI+WbDpkW\nl+EI4J7Ay1n2l820tuR2ZE8ztDa0aTETUYZqnC3mYKK1ULDUo7OlvNaGHW0CAwEA\nAQKCAgEAtW/Cl1d4wmf0HZxLeBQW6Th9A0qYAV0NUf0JNq59eeQcDZ37rtkR3NgR\nchK+Ug5gHfpkoT0i7wXes7gVdRWm9dYyl2N4h7cZpOnm+tMozuw7i3EIy/vf+SQy\nC5uKHjT+zvsknbsMQcDmrDtgooUL2bbofUE32uLSpeaFbL+G5p3NuZGN0AkBPSf4\niRV5rKGEpSBxdVUCZVEYuZYNfJy1BJVHY8UX7L9pF3xiRWo+v4gNLdPyM5RZIgVK\nyx8qRSSUa+9Jds1NCk3oNz3RaZKj8zt0f68UUwV//VCt7R8nOmpYidvhr8OL4M4u\nMcnCl2qpbNMIsddOUxqTHcEoTTT6vpBDG9FLugYRuYAGOa6TAyBtNo91y9n2ni1G\nqlafgtIpxSa5YvkpqPBLFD8F6KIar6zK6xs1GWJc3X+3iHRt+0EJlPswnctKzfqt\nZ2STyPrweY/lGYJ7+IUBFxxZGamZEBpWv6hfvxmFpeMmyXkXsOeqzEWw9IHc35u7\nZUnykCvBTbPuZviD0bvEBafjc6We0MKKOFe5ra93VxubOw3sAlDZdxlDdxuvCsVs\nOSL40egs1IdN+z1KQ9iUKKOsMR7//vFXHLr4/5mRBD9TlAp8G2Lsuc+2j0tlcZRi\nxI2EdNkuBDspKF4zVRvEOH+m6IceJeM0NbtHrDhWDY6dxwxFvH0CggEBANP7Z6ZY\nmGR2+ZYqGNVzFBZHXlP6cOy2n9bY1j3lLxVGCz+cZZBJxIOrYa0NNQvlLdJoO0Qr\nlE4R9rk0ADA7ka0oqxjkxGPqsBcgHmqjctqfbQaphLZ91BeyP/+ZqzpftjRPvnvS\nlFwxa+WsnDD0l1KBl91xyeD0HyIvk2t5MnsH0JwyfYntFXNfd1y5TPeb3pkhL4yy\nyl1HXhwbgl6OdwwV29j4wsIfvm2P58tfDyl21+11BQLTKY+V4z7iSAyLeyiNUiC2\npekNbQKmuy52rwOK+1OVwm4zdIAVySGn6WbRdI3Fgbfta0+9eh3CaSGyynlATbzP\n2/mHYieVDr5Oe4sCggEBAPL0yt1+aFwhhx+xnSJHjKi4dTnlfv1wPjvfy6YV6t7w\nrpY5mZcpfxZS4zqta/bJpnKdFxRvv5Lh8G9zoTF0FeOLNejepzuo7ejhg9pyFHyQ\nOiP0C2mQErv4/pDh55Nk/LaIsSwYinY3nNgALKXAs6GwV962V0QjjirltIs7dMc8\nGXpRToYDNPCSjcNUKbcWXnoGOcGn+n4weSsKl8VWalbk/Q+1sVXx5bfvcmBu2MmC\njVddM/CD7FAQqeKJQLFCxU7w0V/lsPSqh0iuSLOdBABQ9pecEIF1CvzD/v3uLcpl\nIFVBcGq93rQIHWqTlAznITESpWsp3t3rEiJUIMyuSecCggEAOgVr/1nsjEMMWY+4\nMGRJMTfjl7TKx9/MrC+5pENgub/sQEL8gZvPUALOv2EIDfNysU6aOjR7aUr9bv/O\ntWT4oJ6rBitHndmUzR+bc7C9NR3B57rqelDChqHhZoKXHWkpI/RXvOiMdxeH4tt1\n/OhVqt2RxajpissG4oKHJTmNGaOv87DWL7RW1LdiolyNtpBRQzSUITymqxVnquXU\nrzDrYMFy5VZhaGTr6G0lEsM4ES9YNsR61KUbkRODmaix880Rrq3PtuiHTNzB46Hj\nRfpyONQHqn8pMqSe1Jgh7zZYai4Wat+Oe9teLfs8u3yE7hZT2RBCttVl7kyiDxd7\na5drtQKCAQAwIzJiql4RCw+TxwREO3ryHwITA5airm+WO2RFNwh/PZ7J4wW8fptQ\nmAGvqZa/ofqZsOhWw0Fo391cp8NjYgXIPNfkmOD3oCPrRWtzh7DpcUYjw4HTW5lq\npw4BNNFGUfcET5cTDpW4kJJB9d7ixIiS27a9SNGHjafodfTMtW4Q36aIpr1xLgd6\nNv9hmTZesU7szHj7FsY55G7NiV7C2bleGCbPywck6TXDuOynkK7hVj2c9rmIyQq0\nXmjamqk3tewUFQDXCFKEV5lQXD/JXq3hRillpqVakQ8pP8gxFdT6ygia+8lDTPVo\nJEd3y1/FIrJf37rovbYLsDy6koKhK1M3AoIBAQDJngO7nlQUF8fVLFCGPB8j/0yo\n4LxCBPW8oKkK6cci6wmVGL0tGJXlglosoT7rB5lep4bmYH49CYfhtfjQUO8XMSXq\nIvAqv9ZfMBt2AsvC3m7GXxIGkmo4P0tx04i7dQxzHd6V4AW+DWiAPUtnotUlYg3r\n1cGMm0D+yhrx4NdriEAzj5TlDQ0li9kLAX4FZPe1ADKnYnWbwFljVqwSaRbdJxG6\nIfR11ab/haW8az9Y/X4K2TQBNvo3C1EVKSAbWKI69TKUJnFDKuWJ8pMEdYKZG1LT\nu+ZNIwt0m7Cra2M0xytDV8wNMAIo4NFINSzEzlsz7Mb/g+qwhbg/PbItpSZe\n-----END RSA PRIVATE KEY-----\n",
            "private_key_pem_pkcs8": "-----BEGIN PRIVATE KEY-----\nMIIJQwIBADANBgkqhkiG9w0BAQEFAASCCS0wggkpAgEAAoICAQDJLluV0spkKwvl\naGJSUXv2Ycir3QAQla7jbZl1zhiCDI96BDlrQjTkpc+lcUlEWKCWfybLK6Eyn4LQ\n0qTGgdNpYW8S4Vsa1tz0qcA4hhPNjccTtJopw9sROejyttShPaj8DdLc/SVIYowI\n90jvE4o8Zgl8d3GsvQ7hjUdoFJA5MXXWmTqqU5uX1FSsHcJXJoGYM42pewCwqW5V\nYac6pFgjbCXBhOUqxLnOkbhpbOtVoxjkLSqqU0+SSmf6duZHI/pfH0g94UGEeeSa\n9ulXKJGpBEqHYpn8ZUc7OXN5qnV2WalZcm0NIijCQgfAuoGfcake/gS+AR5Bd38a\nSaY0oWryzukld3RrkKSg5ALY0PZ4yr9JN1iZY0K49lnGmosfXdxG+w6Q8EOONj1e\nmCw+1n4INluPrXG+4oatIGdjwYw9nRo1r8iYoRUJb1+wE/AZp3fiLWdCXBVhvVkh\n8N4TSiyjuH1J7lneasHoyuWb9jteDVHK8EfB3noexkN4TEGh7a1zxYMEXlRYF7+g\noW2g/rSfVwm2FzaUIHK4MkuTKBztmsQHzFGBhYirwi+GYZtzVFuBnzeTn2TChrdv\nf+OFxnxt8Tkz0ZQQkmruLy/MUUUj5ZsOmRaX4QjgnsDLWfaXzbS25HZkTzO0NrRp\nMRNRhmqcLeZgorVQsNSjs6W81oYdbQIDAQABAoICAQC1b8KXV3jCZ/QdnEt4FBbp\nOH0DSpgBXQ1R/Qk2rn155BwNnfuu2RHc2BFyEr5SDmAd+mShPSLvBd6zuBV1Fab1\n1jKXY3iHtxmk6eb60yjO7DuLcQjL+9/5JDILm4oeNP7O+ySduwxBwOasO2CihQvZ\ntuh9QTfa4tKl5oVsv4bmnc25kY3QCQE9J/iJFXmsoYSlIHF1VQJlURi5lg18nLUE\nlUdjxRfsv2kXfGJFaj6/iA0t0/IzlFkiBUrLHypFJJRr70l2zU0KTeg3PdFpkqPz\nO3R/rxRTBX/9UK3tHyc6aliJ2+Gvw4vgzi4xycKXaqls0wix105TGpMdwShNNPq+\nkEMb0Uu6BhG5gAY5rpMDIG02j3XL2faeLUaqVp+C0inFJrli+Smo8EsUPwXoohqv\nrMrrGzUZYlzdf7eIdG37QQmU+zCdy0rN+q1nZJPI+vB5j+UZgnv4hQEXHFkZqZkQ\nGla/qF+/GYWl4ybJeRew56rMRbD0gdzfm7tlSfKQK8FNs+5m+IPRu8QFp+NzpZ7Q\nwoo4V7mtr3dXG5s7DewCUNl3GUN3G68KxWw5IvjR6CzUh037PUpD2JQoo6wxHv/+\n8Vccuvj/mZEEP1OUCnwbYuy5z7aPS2VxlGLEjYR02S4EOykoXjNVG8Q4f6bohx4l\n4zQ1u0esOFYNjp3HDEW8fQKCAQEA0/tnpliYZHb5lioY1XMUFkdeU/pw7Laf1tjW\nPeUvFUYLP5xlkEnEg6thrQ01C+Ut0mg7RCuUThH2uTQAMDuRrSirGOTEY+qwFyAe\naqNy2p9tBqmEtn3UF7I//5mrOl+2NE++e9KUXDFr5aycMPSXUoGX3XHJ4PQfIi+T\na3kyewfQnDJ9ie0Vc193XLlM95vemSEvjLLKXUdeHBuCXo53DBXb2PjCwh++bY/n\ny18PKXbX7XUFAtMpj5XjPuJIDIt7KI1SILal6Q1tAqa7LnavA4r7U5XCbjN0gBXJ\nIafpZtF0jcWBt+1rT716HcJpIbLKeUBNvM/b+YdiJ5UOvk57iwKCAQEA8vTK3X5o\nXCGHH7GdIkeMqLh1OeV+/XA+O9/LphXq3vCuljmZlyl/FlLjOq1r9smmcp0XFG+/\nkuHwb3OhMXQV44s16N6nO6jt6OGD2nIUfJA6I/QLaZASu/j+kOHnk2T8toixLBiK\ndjec2AAspcCzobBX3rZXRCOOKuW0izt0xzwZelFOhgM08JKNw1QptxZeegY5waf6\nfjB5KwqXxVZqVuT9D7WxVfHlt+9yYG7YyYKNV10z8IPsUBCp4olAsULFTvDRX+Ww\n9KqHSK5Is50EAFD2l5wQgXUK/MP+/e4tymUgVUFwar3etAgdapOUDOchMRKlayne\n3esSIlQgzK5J5wKCAQA6BWv/WeyMQwxZj7gwZEkxN+OXtMrH38ysL7mkQ2C5v+xA\nQvyBm89QAs6/YQgN83KxTpo6NHtpSv1u/861ZPignqsGK0ed2ZTNH5tzsL01HcHn\nuup6UMKGoeFmgpcdaSkj9Fe86Ix3F4fi23X86FWq3ZHFqOmKywbigoclOY0Zo6/z\nsNYvtFbUt2KiXI22kFFDNJQhPKarFWeq5dSvMOtgwXLlVmFoZOvobSUSwzgRL1g2\nxHrUpRuRE4OZqLHzzRGurc+26IdM3MHjoeNF+nI41AeqfykypJ7UmCHvNlhqLhZq\n3457214t+zy7fITuFlPZEEK21WXuTKIPF3trl2u1AoIBADAjMmKqXhELD5PHBEQ7\nevIfAhMDlqKub5Y7ZEU3CH89nsnjBbx+m1CYAa+plr+h+pmw6FbDQWjf3Vynw2Ni\nBcg81+SY4PegI+tFa3OHsOlxRiPDgdNbmWqnDgE00UZR9wRPlxMOlbiQkkH13uLE\niJLbtr1I0YeNp+h19My1bhDfpoimvXEuB3o2/2GZNl6xTuzMePsWxjnkbs2JXsLZ\nuV4YJs/LByTpNcO47KeQruFWPZz2uYjJCrReaNqaqTe17BQVANcIUoRXmVBcP8le\nreFGKWWmpVqRDyk/yDEV1PrKCJr7yUNM9WgkR3fLX8Uisl/fuui9tguwPLqSgqEr\nUzcCggEBAMmeA7ueVBQXx9UsUIY8HyP/TKjgvEIE9bygqQrpxyLrCZUYvS0YleWC\nWiyhPusHmV6nhuZgfj0Jh+G1+NBQ7xcxJeoi8Cq/1l8wG3YCy8LebsZfEgaSajg/\nS3HTiLt1DHMd3pXgBb4NaIA9S2ei1SViDevVwYybQP7KGvHg12uIQDOPlOUNDSWL\n2QsBfgVk97UAMqdidZvAWWNWrBJpFt0nEboh9HXVpv+FpbxrP1j9fgrZNAE2+jcL\nURUpIBtYojr1MpQmcUMq5YnykwR1gpkbUtO75k0jC3SbsKtrYzTHK0NXzA0wAijg\n0Ug1LMTOWzPsxv+D6rCFuD89si2lJl4=\n-----END PRIVATE KEY-----\n",
            "public_key_fingerprint_md5": "61:5e:63:fc:26:12:d7:e1:6a:83:96:8c:eb:43:22:fa",
            "public_key_fingerprint_sha256": "SHA256:VJ5ZcVry7O6kJjsYfFNZjZQwqmcys0MTmnch1fbmpkI",
            "public_key_openssh": "ssh-rsa AAAAB3NzaC1yc2EAAAADAQABAAACAQDJLluV0spkKwvlaGJSUXv2Ycir3QAQla7jbZl1zhiCDI96BDlrQjTkpc+lcUlEWKCWfybLK6Eyn4LQ0qTGgdNpYW8S4Vsa1tz0qcA4hhPNjccTtJopw9sROejyttShPaj8DdLc/SVIYowI90jvE4o8Zgl8d3GsvQ7hjUdoFJA5MXXWmTqqU5uX1FSsHcJXJoGYM42pewCwqW5VYac6pFgjbCXBhOUqxLnOkbhpbOtVoxjkLSqqU0+SSmf6duZHI/pfH0g94UGEeeSa9ulXKJGpBEqHYpn8ZUc7OXN5qnV2WalZcm0NIijCQgfAuoGfcake/gS+AR5Bd38aSaY0oWryzukld3RrkKSg5ALY0PZ4yr9JN1iZY0K49lnGmosfXdxG+w6Q8EOONj1emCw+1n4INluPrXG+4oatIGdjwYw9nRo1r8iYoRUJb1+wE/AZp3fiLWdCXBVhvVkh8N4TSiyjuH1J7lneasHoyuWb9jteDVHK8EfB3noexkN4TEGh7a1zxYMEXlRYF7+goW2g/rSfVwm2FzaUIHK4MkuTKBztmsQHzFGBhYirwi+GYZtzVFuBnzeTn2TChrdvf+OFxnxt8Tkz0ZQQkmruLy/MUUUj5ZsOmRaX4QjgnsDLWfaXzbS25HZkTzO0NrRpMRNRhmqcLeZgorVQsNSjs6W81oYdbQ==\n",
            "public_key_pem": "-----BEGIN PUBLIC KEY-----\nMIICIjANBgkqhkiG9w0BAQEFAAOCAg8AMIICCgKCAgEAyS5bldLKZCsL5WhiUlF7\n9mHIq90AEJWu422Zdc4YggyPegQ5a0I05KXPpXFJRFigln8myyuhMp+C0NKkxoHT\naWFvEuFbGtbc9KnAOIYTzY3HE7SaKcPbETno8rbUoT2o/A3S3P0lSGKMCPdI7xOK\nPGYJfHdxrL0O4Y1HaBSQOTF11pk6qlObl9RUrB3CVyaBmDONqXsAsKluVWGnOqRY\nI2wlwYTlKsS5zpG4aWzrVaMY5C0qqlNPkkpn+nbmRyP6Xx9IPeFBhHnkmvbpVyiR\nqQRKh2KZ/GVHOzlzeap1dlmpWXJtDSIowkIHwLqBn3GpHv4EvgEeQXd/GkmmNKFq\n8s7pJXd0a5CkoOQC2ND2eMq/STdYmWNCuPZZxpqLH13cRvsOkPBDjjY9XpgsPtZ+\nCDZbj61xvuKGrSBnY8GMPZ0aNa/ImKEVCW9fsBPwGad34i1nQlwVYb1ZIfDeE0os\no7h9Se5Z3mrB6Mrlm/Y7Xg1RyvBHwd56HsZDeExBoe2tc8WDBF5UWBe/oKFtoP60\nn1cJthc2lCByuDJLkygc7ZrEB8xRgYWIq8IvhmGbc1RbgZ83k59kwoa3b3/jhcZ8\nbfE5M9GUEJJq7i8vzFFFI+WbDpkWl+EI4J7Ay1n2l820tuR2ZE8ztDa0aTETUYZq\nnC3mYKK1ULDUo7OlvNaGHW0CAwEAAQ==\n-----END PUBLIC KEY-----\n",
            "rsa_bits": 4096
          },
          "sensitive_attributes": []
        }
      ]
    },
    {
      "module": "module.network",
      "mode": "managed",
      "type": "aws_eip",
      "name": "eip-ng-adolfo",
      "provider": "provider[\"registry.terraform.io/hashicorp/aws\"]",
      "instances": [
        {
          "schema_version": 0,
          "attributes": {
            "address": null,
            "allocation_id": "eipalloc-0d553a7c68d98776f",
            "associate_with_private_ip": null,
            "association_id": "",
            "carrier_ip": "",
            "customer_owned_ip": "",
            "customer_owned_ipv4_pool": "",
            "domain": "vpc",
            "id": "eipalloc-0d553a7c68d98776f",
            "instance": "",
            "network_border_group": "us-east-1",
            "network_interface": "",
            "private_dns": null,
            "private_ip": "",
            "public_dns": "ec2-52-0-200-21.compute-1.amazonaws.com",
            "public_ip": "52.0.200.21",
            "public_ipv4_pool": "amazon",
            "tags": {
              "Name": "eip-ng-adolfo"
            },
            "tags_all": {
              "Name": "eip-ng-adolfo",
              "from": "terraform",
              "owner": "Adolfo.Ninapaytan"
            },
            "timeouts": null,
            "vpc": true
          },
          "sensitive_attributes": [],
          "private": "eyJlMmJmYjczMC1lY2FhLTExZTYtOGY4OC0zNDM2M2JjN2M0YzAiOnsiZGVsZXRlIjoxODAwMDAwMDAwMDAsInJlYWQiOjkwMDAwMDAwMDAwMCwidXBkYXRlIjozMDAwMDAwMDAwMDB9fQ=="
        }
      ]
    },
    {
      "module": "module.network",
      "mode": "managed",
      "type": "aws_internet_gateway",
      "name": "ig-adolfo",
      "provider": "provider[\"registry.terraform.io/hashicorp/aws\"]",
      "instances": [
        {
          "schema_version": 0,
          "attributes": {
            "arn": "arn:aws:ec2:us-east-1:840175130015:internet-gateway/igw-00af7b8442b8ef4db",
            "id": "igw-00af7b8442b8ef4db",
            "owner_id": "840175130015",
            "tags": {
              "Name": "ig-adolfo"
            },
            "tags_all": {
              "Name": "ig-adolfo",
              "from": "terraform",
              "owner": "Adolfo.Ninapaytan"
            },
            "timeouts": null,
            "vpc_id": "vpc-08e4c8b41a3ae8d58"
          },
          "sensitive_attributes": [],
          "private": "eyJlMmJmYjczMC1lY2FhLTExZTYtOGY4OC0zNDM2M2JjN2M0YzAiOnsiY3JlYXRlIjoxMjAwMDAwMDAwMDAwLCJkZWxldGUiOjEyMDAwMDAwMDAwMDAsInVwZGF0ZSI6MTIwMDAwMDAwMDAwMH19",
          "dependencies": [
            "module.network.aws_vpc.vpc-adolfo"
          ]
        }
      ]
    },
    {
      "module": "module.network",
      "mode": "managed",
      "type": "aws_nat_gateway",
      "name": "ng-adolfo",
      "provider": "provider[\"registry.terraform.io/hashicorp/aws\"]",
      "instances": [
        {
          "schema_version": 0,
          "attributes": {
            "allocation_id": "eipalloc-0d553a7c68d98776f",
            "connectivity_type": "public",
            "id": "nat-0047b827bcd357d1d",
            "network_interface_id": "eni-072cb1a0cce50e516",
            "private_ip": "10.0.0.75",
            "public_ip": "52.0.200.21",
            "subnet_id": "subnet-056d20cd53a55493b",
            "tags": {
              "Name": "ng-adolfo"
            },
            "tags_all": {
              "Name": "ng-adolfo",
              "from": "terraform",
              "owner": "Adolfo.Ninapaytan"
            }
          },
          "sensitive_attributes": [],
          "private": "bnVsbA==",
          "dependencies": [
            "module.network.aws_eip.eip-ng-adolfo",
            "module.network.aws_internet_gateway.ig-adolfo",
            "module.network.aws_subnet.subnet-a-public",
            "module.network.aws_vpc.vpc-adolfo"
          ]
        }
      ]
    },
    {
      "module": "module.network",
      "mode": "managed",
      "type": "aws_route_table",
      "name": "rt-private-adolfo",
      "provider": "provider[\"registry.terraform.io/hashicorp/aws\"]",
      "instances": [
        {
          "schema_version": 0,
          "attributes": {
            "arn": "arn:aws:ec2:us-east-1:840175130015:route-table/rtb-0026341b548c62f9f",
            "id": "rtb-0026341b548c62f9f",
            "owner_id": "840175130015",
            "propagating_vgws": [],
            "route": [
              {
                "carrier_gateway_id": "",
                "cidr_block": "0.0.0.0/0",
                "core_network_arn": "",
                "destination_prefix_list_id": "",
                "egress_only_gateway_id": "",
                "gateway_id": "",
                "instance_id": "",
                "ipv6_cidr_block": "",
                "local_gateway_id": "",
                "nat_gateway_id": "nat-0047b827bcd357d1d",
                "network_interface_id": "",
                "transit_gateway_id": "",
                "vpc_endpoint_id": "",
                "vpc_peering_connection_id": ""
              }
            ],
            "tags": {
              "Name": "rt-private-adolfo"
            },
            "tags_all": {
              "Name": "rt-private-adolfo",
              "from": "terraform",
              "owner": "Adolfo.Ninapaytan"
            },
            "timeouts": null,
            "vpc_id": "vpc-08e4c8b41a3ae8d58"
          },
          "sensitive_attributes": [],
          "private": "eyJlMmJmYjczMC1lY2FhLTExZTYtOGY4OC0zNDM2M2JjN2M0YzAiOnsiY3JlYXRlIjozMDAwMDAwMDAwMDAsImRlbGV0ZSI6MzAwMDAwMDAwMDAwLCJ1cGRhdGUiOjEyMDAwMDAwMDAwMH19",
          "dependencies": [
            "module.network.aws_eip.eip-ng-adolfo",
            "module.network.aws_internet_gateway.ig-adolfo",
            "module.network.aws_nat_gateway.ng-adolfo",
            "module.network.aws_subnet.subnet-a-public",
            "module.network.aws_vpc.vpc-adolfo"
          ]
        }
      ]
    },
    {
      "module": "module.network",
      "mode": "managed",
      "type": "aws_route_table",
      "name": "rt-public-adolfo",
      "provider": "provider[\"registry.terraform.io/hashicorp/aws\"]",
      "instances": [
        {
          "schema_version": 0,
          "attributes": {
            "arn": "arn:aws:ec2:us-east-1:840175130015:route-table/rtb-0aedde69615a62afe",
            "id": "rtb-0aedde69615a62afe",
            "owner_id": "840175130015",
            "propagating_vgws": [],
            "route": [
              {
                "carrier_gateway_id": "",
                "cidr_block": "0.0.0.0/0",
                "core_network_arn": "",
                "destination_prefix_list_id": "",
                "egress_only_gateway_id": "",
                "gateway_id": "igw-00af7b8442b8ef4db",
                "instance_id": "",
                "ipv6_cidr_block": "",
                "local_gateway_id": "",
                "nat_gateway_id": "",
                "network_interface_id": "",
                "transit_gateway_id": "",
                "vpc_endpoint_id": "",
                "vpc_peering_connection_id": ""
              }
            ],
            "tags": {
              "Name": "rt-public-adolfo"
            },
            "tags_all": {
              "Name": "rt-public-adolfo",
              "from": "terraform",
              "owner": "Adolfo.Ninapaytan"
            },
            "timeouts": null,
            "vpc_id": "vpc-08e4c8b41a3ae8d58"
          },
          "sensitive_attributes": [],
          "private": "eyJlMmJmYjczMC1lY2FhLTExZTYtOGY4OC0zNDM2M2JjN2M0YzAiOnsiY3JlYXRlIjozMDAwMDAwMDAwMDAsImRlbGV0ZSI6MzAwMDAwMDAwMDAwLCJ1cGRhdGUiOjEyMDAwMDAwMDAwMH19",
          "dependencies": [
            "module.network.aws_internet_gateway.ig-adolfo",
            "module.network.aws_vpc.vpc-adolfo"
          ]
        }
      ]
    },
    {
      "module": "module.network",
      "mode": "managed",
      "type": "aws_route_table_association",
      "name": "adolfo-a-priv",
      "provider": "provider[\"registry.terraform.io/hashicorp/aws\"]",
      "instances": [
        {
          "schema_version": 0,
          "attributes": {
            "gateway_id": "",
            "id": "rtbassoc-0b078097324831ab5",
            "route_table_id": "rtb-0026341b548c62f9f",
            "subnet_id": "subnet-00534fcf004c514f9"
          },
          "sensitive_attributes": [],
          "private": "bnVsbA==",
          "dependencies": [
            "module.network.aws_eip.eip-ng-adolfo",
            "module.network.aws_internet_gateway.ig-adolfo",
            "module.network.aws_nat_gateway.ng-adolfo",
            "module.network.aws_route_table.rt-private-adolfo",
            "module.network.aws_subnet.subnet-a-private",
            "module.network.aws_subnet.subnet-a-public",
            "module.network.aws_vpc.vpc-adolfo"
          ]
        }
      ]
    },
    {
      "module": "module.network",
      "mode": "managed",
      "type": "aws_route_table_association",
      "name": "adolfo-a-pub",
      "provider": "provider[\"registry.terraform.io/hashicorp/aws\"]",
      "instances": [
        {
          "schema_version": 0,
          "attributes": {
            "gateway_id": "",
            "id": "rtbassoc-0470635d295376a4f",
            "route_table_id": "rtb-0aedde69615a62afe",
            "subnet_id": "subnet-056d20cd53a55493b"
          },
          "sensitive_attributes": [],
          "private": "bnVsbA==",
          "dependencies": [
            "module.network.aws_internet_gateway.ig-adolfo",
            "module.network.aws_route_table.rt-public-adolfo",
            "module.network.aws_subnet.subnet-a-public",
            "module.network.aws_vpc.vpc-adolfo"
          ]
        }
      ]
    },
    {
      "module": "module.network",
      "mode": "managed",
      "type": "aws_route_table_association",
      "name": "adolfo-b-priv",
      "provider": "provider[\"registry.terraform.io/hashicorp/aws\"]",
      "instances": [
        {
          "schema_version": 0,
          "attributes": {
            "gateway_id": "",
            "id": "rtbassoc-0cd0d33ba09b21754",
            "route_table_id": "rtb-0026341b548c62f9f",
            "subnet_id": "subnet-06d2f716fda2e4e2d"
          },
          "sensitive_attributes": [],
          "private": "bnVsbA==",
          "dependencies": [
            "module.network.aws_eip.eip-ng-adolfo",
            "module.network.aws_internet_gateway.ig-adolfo",
            "module.network.aws_nat_gateway.ng-adolfo",
            "module.network.aws_route_table.rt-private-adolfo",
            "module.network.aws_subnet.subnet-a-public",
            "module.network.aws_subnet.subnet-b-private",
            "module.network.aws_vpc.vpc-adolfo"
          ]
        }
      ]
    },
    {
      "module": "module.network",
      "mode": "managed",
      "type": "aws_route_table_association",
      "name": "adolfo-b-pub",
      "provider": "provider[\"registry.terraform.io/hashicorp/aws\"]",
      "instances": [
        {
          "schema_version": 0,
          "attributes": {
            "gateway_id": "",
            "id": "rtbassoc-0164087274a29bb7a",
            "route_table_id": "rtb-0aedde69615a62afe",
            "subnet_id": "subnet-0f5ee6c976ff241dc"
          },
          "sensitive_attributes": [],
          "private": "bnVsbA==",
          "dependencies": [
            "module.network.aws_internet_gateway.ig-adolfo",
            "module.network.aws_route_table.rt-public-adolfo",
            "module.network.aws_subnet.subnet-b-public",
            "module.network.aws_vpc.vpc-adolfo"
          ]
        }
      ]
    },
    {
      "module": "module.network",
      "mode": "managed",
      "type": "aws_subnet",
      "name": "subnet-a-private",
      "provider": "provider[\"registry.terraform.io/hashicorp/aws\"]",
      "instances": [
        {
          "schema_version": 1,
          "attributes": {
            "arn": "arn:aws:ec2:us-east-1:840175130015:subnet/subnet-00534fcf004c514f9",
            "assign_ipv6_address_on_creation": false,
            "availability_zone": "us-east-1a",
            "availability_zone_id": "use1-az4",
            "cidr_block": "10.0.1.0/24",
            "customer_owned_ipv4_pool": "",
            "enable_dns64": false,
            "enable_resource_name_dns_a_record_on_launch": false,
            "enable_resource_name_dns_aaaa_record_on_launch": false,
            "id": "subnet-00534fcf004c514f9",
            "ipv6_cidr_block": "",
            "ipv6_cidr_block_association_id": "",
            "ipv6_native": false,
            "map_customer_owned_ip_on_launch": false,
            "map_public_ip_on_launch": false,
            "outpost_arn": "",
            "owner_id": "840175130015",
            "private_dns_hostname_type_on_launch": "ip-name",
            "tags": {
              "Name": "subnet-a-private"
            },
            "tags_all": {
              "Name": "subnet-a-private",
              "from": "terraform",
              "owner": "Adolfo.Ninapaytan"
            },
            "timeouts": null,
            "vpc_id": "vpc-08e4c8b41a3ae8d58"
          },
          "sensitive_attributes": [],
          "private": "eyJlMmJmYjczMC1lY2FhLTExZTYtOGY4OC0zNDM2M2JjN2M0YzAiOnsiY3JlYXRlIjo2MDAwMDAwMDAwMDAsImRlbGV0ZSI6MTIwMDAwMDAwMDAwMH0sInNjaGVtYV92ZXJzaW9uIjoiMSJ9",
          "dependencies": [
            "module.network.aws_vpc.vpc-adolfo"
          ]
        }
      ]
    },
    {
      "module": "module.network",
      "mode": "managed",
      "type": "aws_subnet",
      "name": "subnet-a-public",
      "provider": "provider[\"registry.terraform.io/hashicorp/aws\"]",
      "instances": [
        {
          "schema_version": 1,
          "attributes": {
            "arn": "arn:aws:ec2:us-east-1:840175130015:subnet/subnet-056d20cd53a55493b",
            "assign_ipv6_address_on_creation": false,
            "availability_zone": "us-east-1a",
            "availability_zone_id": "use1-az4",
            "cidr_block": "10.0.0.0/24",
            "customer_owned_ipv4_pool": "",
            "enable_dns64": false,
            "enable_resource_name_dns_a_record_on_launch": false,
            "enable_resource_name_dns_aaaa_record_on_launch": false,
            "id": "subnet-056d20cd53a55493b",
            "ipv6_cidr_block": "",
            "ipv6_cidr_block_association_id": "",
            "ipv6_native": false,
            "map_customer_owned_ip_on_launch": false,
            "map_public_ip_on_launch": true,
            "outpost_arn": "",
            "owner_id": "840175130015",
            "private_dns_hostname_type_on_launch": "ip-name",
            "tags": {
              "Name": "subnet-a-public"
            },
            "tags_all": {
              "Name": "subnet-a-public",
              "from": "terraform",
              "owner": "Adolfo.Ninapaytan"
            },
            "timeouts": null,
            "vpc_id": "vpc-08e4c8b41a3ae8d58"
          },
          "sensitive_attributes": [],
          "private": "eyJlMmJmYjczMC1lY2FhLTExZTYtOGY4OC0zNDM2M2JjN2M0YzAiOnsiY3JlYXRlIjo2MDAwMDAwMDAwMDAsImRlbGV0ZSI6MTIwMDAwMDAwMDAwMH0sInNjaGVtYV92ZXJzaW9uIjoiMSJ9",
          "dependencies": [
            "module.network.aws_vpc.vpc-adolfo"
          ]
        }
      ]
    },
    {
      "module": "module.network",
      "mode": "managed",
      "type": "aws_subnet",
      "name": "subnet-b-private",
      "provider": "provider[\"registry.terraform.io/hashicorp/aws\"]",
      "instances": [
        {
          "schema_version": 1,
          "attributes": {
            "arn": "arn:aws:ec2:us-east-1:840175130015:subnet/subnet-06d2f716fda2e4e2d",
            "assign_ipv6_address_on_creation": false,
            "availability_zone": "us-east-1b",
            "availability_zone_id": "use1-az6",
            "cidr_block": "10.0.3.0/24",
            "customer_owned_ipv4_pool": "",
            "enable_dns64": false,
            "enable_resource_name_dns_a_record_on_launch": false,
            "enable_resource_name_dns_aaaa_record_on_launch": false,
            "id": "subnet-06d2f716fda2e4e2d",
            "ipv6_cidr_block": "",
            "ipv6_cidr_block_association_id": "",
            "ipv6_native": false,
            "map_customer_owned_ip_on_launch": false,
            "map_public_ip_on_launch": false,
            "outpost_arn": "",
            "owner_id": "840175130015",
            "private_dns_hostname_type_on_launch": "ip-name",
            "tags": {
              "Name": "subnet-b-private"
            },
            "tags_all": {
              "Name": "subnet-b-private",
              "from": "terraform",
              "owner": "Adolfo.Ninapaytan"
            },
            "timeouts": null,
            "vpc_id": "vpc-08e4c8b41a3ae8d58"
          },
          "sensitive_attributes": [],
          "private": "eyJlMmJmYjczMC1lY2FhLTExZTYtOGY4OC0zNDM2M2JjN2M0YzAiOnsiY3JlYXRlIjo2MDAwMDAwMDAwMDAsImRlbGV0ZSI6MTIwMDAwMDAwMDAwMH0sInNjaGVtYV92ZXJzaW9uIjoiMSJ9",
          "dependencies": [
            "module.network.aws_vpc.vpc-adolfo"
          ]
        }
      ]
    },
    {
      "module": "module.network",
      "mode": "managed",
      "type": "aws_subnet",
      "name": "subnet-b-public",
      "provider": "provider[\"registry.terraform.io/hashicorp/aws\"]",
      "instances": [
        {
          "schema_version": 1,
          "attributes": {
            "arn": "arn:aws:ec2:us-east-1:840175130015:subnet/subnet-0f5ee6c976ff241dc",
            "assign_ipv6_address_on_creation": false,
            "availability_zone": "us-east-1b",
            "availability_zone_id": "use1-az6",
            "cidr_block": "10.0.2.0/24",
            "customer_owned_ipv4_pool": "",
            "enable_dns64": false,
            "enable_resource_name_dns_a_record_on_launch": false,
            "enable_resource_name_dns_aaaa_record_on_launch": false,
            "id": "subnet-0f5ee6c976ff241dc",
            "ipv6_cidr_block": "",
            "ipv6_cidr_block_association_id": "",
            "ipv6_native": false,
            "map_customer_owned_ip_on_launch": false,
            "map_public_ip_on_launch": true,
            "outpost_arn": "",
            "owner_id": "840175130015",
            "private_dns_hostname_type_on_launch": "ip-name",
            "tags": {
              "Name": "subnet-b-public"
            },
            "tags_all": {
              "Name": "subnet-b-public",
              "from": "terraform",
              "owner": "Adolfo.Ninapaytan"
            },
            "timeouts": null,
            "vpc_id": "vpc-08e4c8b41a3ae8d58"
          },
          "sensitive_attributes": [],
          "private": "eyJlMmJmYjczMC1lY2FhLTExZTYtOGY4OC0zNDM2M2JjN2M0YzAiOnsiY3JlYXRlIjo2MDAwMDAwMDAwMDAsImRlbGV0ZSI6MTIwMDAwMDAwMDAwMH0sInNjaGVtYV92ZXJzaW9uIjoiMSJ9",
          "dependencies": [
            "module.network.aws_vpc.vpc-adolfo"
          ]
        }
      ]
    },
    {
      "module": "module.network",
      "mode": "managed",
      "type": "aws_vpc",
      "name": "vpc-adolfo",
      "provider": "provider[\"registry.terraform.io/hashicorp/aws\"]",
      "instances": [
        {
          "schema_version": 1,
          "attributes": {
            "arn": "arn:aws:ec2:us-east-1:840175130015:vpc/vpc-08e4c8b41a3ae8d58",
            "assign_generated_ipv6_cidr_block": false,
            "cidr_block": "10.0.0.0/16",
            "default_network_acl_id": "acl-06ac959957a6a33c3",
            "default_route_table_id": "rtb-093fc2562077f8c88",
            "default_security_group_id": "sg-0aed6eec3614d3d22",
            "dhcp_options_id": "dopt-09d57686001c6faeb",
            "enable_classiclink": false,
            "enable_classiclink_dns_support": false,
            "enable_dns_hostnames": true,
            "enable_dns_support": true,
            "id": "vpc-08e4c8b41a3ae8d58",
            "instance_tenancy": "default",
            "ipv4_ipam_pool_id": null,
            "ipv4_netmask_length": null,
            "ipv6_association_id": "",
            "ipv6_cidr_block": "",
            "ipv6_cidr_block_network_border_group": "",
            "ipv6_ipam_pool_id": "",
            "ipv6_netmask_length": 0,
            "main_route_table_id": "rtb-093fc2562077f8c88",
            "owner_id": "840175130015",
            "tags": {
              "Name": "adolfo-vpc"
            },
            "tags_all": {
              "Name": "adolfo-vpc",
              "from": "terraform",
              "owner": "Adolfo.Ninapaytan"
            }
          },
          "sensitive_attributes": [],
          "private": "eyJzY2hlbWFfdmVyc2lvbiI6IjEifQ=="
        }
      ]
    },
    {
      "module": "module.security-groups",
      "mode": "data",
      "type": "aws_vpc",
      "name": "dvpc-adolfo",
      "provider": "provider[\"registry.terraform.io/hashicorp/aws\"]",
      "instances": [
        {
          "schema_version": 0,
          "attributes": {
            "arn": "arn:aws:ec2:us-east-1:840175130015:vpc/vpc-08e4c8b41a3ae8d58",
            "cidr_block": "10.0.0.0/16",
            "cidr_block_associations": [
              {
                "association_id": "vpc-cidr-assoc-0f4da89d5981b1c09",
                "cidr_block": "10.0.0.0/16",
                "state": "associated"
              }
            ],
            "default": false,
            "dhcp_options_id": "dopt-09d57686001c6faeb",
            "enable_dns_hostnames": true,
            "enable_dns_support": true,
            "filter": null,
            "id": "vpc-08e4c8b41a3ae8d58",
            "instance_tenancy": "default",
            "ipv6_association_id": "",
            "ipv6_cidr_block": "",
            "main_route_table_id": "rtb-093fc2562077f8c88",
            "owner_id": "840175130015",
            "state": null,
            "tags": {
              "Name": "adolfo-vpc",
              "from": "terraform",
              "owner": "Adolfo.Ninapaytan"
            },
            "timeouts": null
          },
          "sensitive_attributes": []
        }
      ]
    },
    {
      "module": "module.security-groups",
      "mode": "managed",
      "type": "aws_security_group",
      "name": "allow_http_ssh",
      "provider": "provider[\"registry.terraform.io/hashicorp/aws\"]",
      "instances": [
        {
          "schema_version": 1,
          "attributes": {
            "arn": "arn:aws:ec2:us-east-1:840175130015:security-group/sg-0ed95500d8133fab4",
            "description": "Allow http inbound traffic",
            "egress": [
              {
                "cidr_blocks": [
                  "0.0.0.0/0"
                ],
                "description": "",
                "from_port": 0,
                "ipv6_cidr_blocks": [],
                "prefix_list_ids": [],
                "protocol": "-1",
                "security_groups": [],
                "self": false,
                "to_port": 0
              }
            ],
            "id": "sg-0ed95500d8133fab4",
            "ingress": [
              {
                "cidr_blocks": [
                  "0.0.0.0/0"
                ],
                "description": "http",
                "from_port": 80,
                "ipv6_cidr_blocks": [],
                "prefix_list_ids": [],
                "protocol": "tcp",
                "security_groups": [],
                "self": false,
                "to_port": 80
              },
              {
                "cidr_blocks": [
                  "0.0.0.0/0"
                ],
                "description": "ssh",
                "from_port": 22,
                "ipv6_cidr_blocks": [],
                "prefix_list_ids": [],
                "protocol": "tcp",
                "security_groups": [],
                "self": false,
                "to_port": 22
              }
            ],
            "name": "allow_http",
            "name_prefix": "",
            "owner_id": "840175130015",
            "revoke_rules_on_delete": false,
            "tags": {
              "Name": "allow_http_ssh"
            },
            "tags_all": {
              "Name": "allow_http_ssh",
              "from": "terraform",
              "owner": "Adolfo.Ninapaytan"
            },
            "timeouts": null,
            "vpc_id": "vpc-08e4c8b41a3ae8d58"
          },
          "sensitive_attributes": [],
          "private": "eyJlMmJmYjczMC1lY2FhLTExZTYtOGY4OC0zNDM2M2JjN2M0YzAiOnsiY3JlYXRlIjo2MDAwMDAwMDAwMDAsImRlbGV0ZSI6OTAwMDAwMDAwMDAwfSwic2NoZW1hX3ZlcnNpb24iOiIxIn0=",
          "dependencies": [
            "module.network.aws_vpc.vpc-adolfo",
            "module.security-groups.data.aws_vpc.dvpc-adolfo"
          ]
        }
      ]
    }
  ]
}
