{
  "version": 4,
  "terraform_version": "1.2.8",
  "serial": 26,
  "lineage": "24c99905-7b42-a1d5-02b5-1e466d282173",
  "outputs": {
    "For_connecting_website": {
      "value": "3.80.57.136",
      "type": "string"
    }
  },
  "resources": [
    {
      "module": "module.compute",
      "mode": "data",
      "type": "aws_security_group",
      "name": "dallow_http_ssh-id",
      "provider": "provider[\"registry.terraform.io/hashicorp/aws\"]",
      "instances": [
        {
          "schema_version": 0,
          "attributes": {
            "arn": "arn:aws:ec2:us-east-1:840175130015:security-group/sg-088ca010d6336b0cb",
            "description": "Allow http inbound traffic",
            "filter": null,
            "id": "sg-088ca010d6336b0cb",
            "name": "allow_http",
            "tags": {
              "Name": "allow_http_ssh",
              "from": "terraform",
              "owner": "Adolfo.Ninapaytan"
            },
            "timeouts": null,
            "vpc_id": "vpc-09a7cdec59a66096e"
          },
          "sensitive_attributes": []
        }
      ]
    },
    {
      "module": "module.compute",
      "mode": "data",
      "type": "aws_subnet",
      "name": "dsubnet-a-private",
      "provider": "provider[\"registry.terraform.io/hashicorp/aws\"]",
      "instances": [
        {
          "schema_version": 0,
          "attributes": {
            "arn": "arn:aws:ec2:us-east-1:840175130015:subnet/subnet-0695958bb82b81bd0",
            "assign_ipv6_address_on_creation": false,
            "availability_zone": "us-east-1a",
            "availability_zone_id": "use1-az4",
            "available_ip_address_count": 251,
            "cidr_block": "10.0.1.0/24",
            "customer_owned_ipv4_pool": "",
            "default_for_az": false,
            "enable_dns64": false,
            "enable_resource_name_dns_a_record_on_launch": false,
            "enable_resource_name_dns_aaaa_record_on_launch": false,
            "filter": null,
            "id": "subnet-0695958bb82b81bd0",
            "ipv6_cidr_block": "",
            "ipv6_cidr_block_association_id": "",
            "ipv6_native": false,
            "map_customer_owned_ip_on_launch": false,
            "map_public_ip_on_launch": false,
            "outpost_arn": "",
            "owner_id": "840175130015",
            "private_dns_hostname_type_on_launch": "ip-name",
            "state": "available",
            "tags": {
              "Name": "subnet-a-private",
              "from": "terraform",
              "owner": "Adolfo.Ninapaytan"
            },
            "timeouts": null,
            "vpc_id": "vpc-09a7cdec59a66096e"
          },
          "sensitive_attributes": []
        }
      ]
    },
    {
      "module": "module.compute",
      "mode": "data",
      "type": "aws_subnet",
      "name": "dsubnet-a-public",
      "provider": "provider[\"registry.terraform.io/hashicorp/aws\"]",
      "instances": [
        {
          "schema_version": 0,
          "attributes": {
            "arn": "arn:aws:ec2:us-east-1:840175130015:subnet/subnet-0b9216a6722e289f5",
            "assign_ipv6_address_on_creation": false,
            "availability_zone": "us-east-1a",
            "availability_zone_id": "use1-az4",
            "available_ip_address_count": 251,
            "cidr_block": "10.0.0.0/24",
            "customer_owned_ipv4_pool": "",
            "default_for_az": false,
            "enable_dns64": false,
            "enable_resource_name_dns_a_record_on_launch": false,
            "enable_resource_name_dns_aaaa_record_on_launch": false,
            "filter": null,
            "id": "subnet-0b9216a6722e289f5",
            "ipv6_cidr_block": "",
            "ipv6_cidr_block_association_id": "",
            "ipv6_native": false,
            "map_customer_owned_ip_on_launch": false,
            "map_public_ip_on_launch": true,
            "outpost_arn": "",
            "owner_id": "840175130015",
            "private_dns_hostname_type_on_launch": "ip-name",
            "state": "available",
            "tags": {
              "Name": "subnet-a-public",
              "from": "terraform",
              "owner": "Adolfo.Ninapaytan"
            },
            "timeouts": null,
            "vpc_id": "vpc-09a7cdec59a66096e"
          },
          "sensitive_attributes": []
        }
      ]
    },
    {
      "module": "module.compute",
      "mode": "data",
      "type": "aws_subnet",
      "name": "dsubnet-b-private",
      "provider": "provider[\"registry.terraform.io/hashicorp/aws\"]",
      "instances": [
        {
          "schema_version": 0,
          "attributes": {
            "arn": "arn:aws:ec2:us-east-1:840175130015:subnet/subnet-02bba0a98093c279f",
            "assign_ipv6_address_on_creation": false,
            "availability_zone": "us-east-1b",
            "availability_zone_id": "use1-az6",
            "available_ip_address_count": 251,
            "cidr_block": "10.0.3.0/24",
            "customer_owned_ipv4_pool": "",
            "default_for_az": false,
            "enable_dns64": false,
            "enable_resource_name_dns_a_record_on_launch": false,
            "enable_resource_name_dns_aaaa_record_on_launch": false,
            "filter": null,
            "id": "subnet-02bba0a98093c279f",
            "ipv6_cidr_block": "",
            "ipv6_cidr_block_association_id": "",
            "ipv6_native": false,
            "map_customer_owned_ip_on_launch": false,
            "map_public_ip_on_launch": false,
            "outpost_arn": "",
            "owner_id": "840175130015",
            "private_dns_hostname_type_on_launch": "ip-name",
            "state": "available",
            "tags": {
              "Name": "subnet-b-private",
              "from": "terraform",
              "owner": "Adolfo.Ninapaytan"
            },
            "timeouts": null,
            "vpc_id": "vpc-09a7cdec59a66096e"
          },
          "sensitive_attributes": []
        }
      ]
    },
    {
      "module": "module.compute",
      "mode": "data",
      "type": "aws_subnet",
      "name": "dsubnet-b-public",
      "provider": "provider[\"registry.terraform.io/hashicorp/aws\"]",
      "instances": [
        {
          "schema_version": 0,
          "attributes": {
            "arn": "arn:aws:ec2:us-east-1:840175130015:subnet/subnet-0094eeb2719f4e06f",
            "assign_ipv6_address_on_creation": false,
            "availability_zone": "us-east-1b",
            "availability_zone_id": "use1-az6",
            "available_ip_address_count": 251,
            "cidr_block": "10.0.2.0/24",
            "customer_owned_ipv4_pool": "",
            "default_for_az": false,
            "enable_dns64": false,
            "enable_resource_name_dns_a_record_on_launch": false,
            "enable_resource_name_dns_aaaa_record_on_launch": false,
            "filter": null,
            "id": "subnet-0094eeb2719f4e06f",
            "ipv6_cidr_block": "",
            "ipv6_cidr_block_association_id": "",
            "ipv6_native": false,
            "map_customer_owned_ip_on_launch": false,
            "map_public_ip_on_launch": true,
            "outpost_arn": "",
            "owner_id": "840175130015",
            "private_dns_hostname_type_on_launch": "ip-name",
            "state": "available",
            "tags": {
              "Name": "subnet-b-public",
              "from": "terraform",
              "owner": "Adolfo.Ninapaytan"
            },
            "timeouts": null,
            "vpc_id": "vpc-09a7cdec59a66096e"
          },
          "sensitive_attributes": []
        }
      ]
    },
    {
      "module": "module.compute",
      "mode": "managed",
      "type": "aws_instance",
      "name": "webserver",
      "provider": "provider[\"registry.terraform.io/hashicorp/aws\"]",
      "instances": [
        {
          "schema_version": 1,
          "attributes": {
            "ami": "ami-05fa00d4c63e32376",
            "arn": "arn:aws:ec2:us-east-1:840175130015:instance/i-02969bbba6a7b5eea",
            "associate_public_ip_address": true,
            "availability_zone": "us-east-1a",
            "capacity_reservation_specification": [
              {
                "capacity_reservation_preference": "open",
                "capacity_reservation_target": []
              }
            ],
            "cpu_core_count": 1,
            "cpu_threads_per_core": 1,
            "credit_specification": [
              {
                "cpu_credits": "standard"
              }
            ],
            "disable_api_stop": false,
            "disable_api_termination": false,
            "ebs_block_device": [],
            "ebs_optimized": false,
            "enclave_options": [
              {
                "enabled": false
              }
            ],
            "ephemeral_block_device": [],
            "get_password_data": false,
            "hibernation": false,
            "host_id": null,
            "iam_instance_profile": "",
            "id": "i-02969bbba6a7b5eea",
            "instance_initiated_shutdown_behavior": "stop",
            "instance_state": "running",
            "instance_type": "t2.micro",
            "ipv6_address_count": 0,
            "ipv6_addresses": [],
            "key_name": "webserver",
            "launch_template": [],
            "maintenance_options": [
              {
                "auto_recovery": "default"
              }
            ],
            "metadata_options": [
              {
                "http_endpoint": "enabled",
                "http_put_response_hop_limit": 1,
                "http_tokens": "optional",
                "instance_metadata_tags": "disabled"
              }
            ],
            "monitoring": false,
            "network_interface": [],
            "outpost_arn": "",
            "password_data": "",
            "placement_group": "",
            "placement_partition_number": null,
            "primary_network_interface_id": "eni-05553cb9f9079072c",
            "private_dns": "ip-10-0-0-138.ec2.internal",
            "private_dns_name_options": [
              {
                "enable_resource_name_dns_a_record": false,
                "enable_resource_name_dns_aaaa_record": false,
                "hostname_type": "ip-name"
              }
            ],
            "private_ip": "10.0.0.138",
            "public_dns": "ec2-3-80-57-136.compute-1.amazonaws.com",
            "public_ip": "3.80.57.136",
            "root_block_device": [
              {
                "delete_on_termination": true,
                "device_name": "/dev/xvda",
                "encrypted": false,
                "iops": 100,
                "kms_key_id": "",
                "tags": {},
                "throughput": 0,
                "volume_id": "vol-00bd15dbc8f1ae19c",
                "volume_size": 8,
                "volume_type": "gp2"
              }
            ],
            "secondary_private_ips": [],
            "security_groups": [],
            "source_dest_check": true,
            "subnet_id": "subnet-0b9216a6722e289f5",
            "tags": {
              "Name": "webserver_task1"
            },
            "tags_all": {
              "Name": "webserver_task1",
              "from": "terraform",
              "owner": "Adolfo.Ninapaytan"
            },
            "tenancy": "default",
            "timeouts": null,
            "user_data": null,
            "user_data_base64": null,
            "user_data_replace_on_change": false,
            "volume_tags": null,
            "vpc_security_group_ids": [
              "sg-088ca010d6336b0cb"
            ]
          },
          "sensitive_attributes": [],
          "private": "eyJlMmJmYjczMC1lY2FhLTExZTYtOGY4OC0zNDM2M2JjN2M0YzAiOnsiY3JlYXRlIjo2MDAwMDAwMDAwMDAsImRlbGV0ZSI6MTIwMDAwMDAwMDAwMCwidXBkYXRlIjo2MDAwMDAwMDAwMDB9LCJzY2hlbWFfdmVyc2lvbiI6IjEifQ==",
          "dependencies": [
            "module.compute.aws_key_pair.webserver_key",
            "module.compute.data.aws_subnet.dsubnet-a-public",
            "module.compute.tls_private_key.webserver_private_key",
            "module.network.aws_subnet.subnet-a-public",
            "module.network.aws_vpc.vpc-adolfo",
            "module.security-groups.aws_security_group.allow_http_ssh",
            "module.security-groups.data.aws_vpc.dvpc-adolfo"
          ]
        }
      ]
    },
    {
      "module": "module.compute",
      "mode": "managed",
      "type": "aws_key_pair",
      "name": "webserver_key",
      "provider": "provider[\"registry.terraform.io/hashicorp/aws\"]",
      "instances": [
        {
          "schema_version": 1,
          "attributes": {
            "arn": "arn:aws:ec2:us-east-1:840175130015:key-pair/webserver",
            "fingerprint": "26:a7:7d:29:2c:02:f9:af:33:f1:67:9c:b6:2b:01:ff",
            "id": "webserver",
            "key_name": "webserver",
            "key_name_prefix": "",
            "key_pair_id": "key-0c6ce8110ce880534",
            "key_type": "rsa",
            "public_key": "ssh-rsa AAAAB3NzaC1yc2EAAAADAQABAAACAQDTpeLcLpCHZhJvm3Vh2LSeAcYSDWaPrf3lz24++42hqRvK36gLmozqM+blRr4bjzNJhJIQfukP0oITjb2nR6HumvKJx/oQ6CjsUR992ledBM4xkLmPP26wXMiz8q98llSE/QvsniSqn/iLeFWdmTLE90Q98EIv9/sdQI159ix9SlwZAakFNj8t6ZDOgehjEkyTpk+bJblp1qwK3nV0Zfs00cMLIQAWbqtqc5mEvSZl4Dis2bIAGrF7a2ba2Wui0PFBEaGjtfodHr+pbXgMPmMdl2T7nPVntxipAjp6rCv8c+nyoZAszTgp2zQT1XRE0/D0qbzARp9tQAXPZr4OUKu/7yWrkdR4yVlbCYnGi7yU1xATbm2c1tbgFy2bjHbzCVjisme68XN96Xyp1oZqKN8sFp38WJLhjhLDZw1W6hbXj+bFX4ErjRddOFJWeSoQenS9VzlRwUep8X4cE+YJnmB2CZhCCQp+bkUOT50bzZlQJZ5J8auadzINuqZfSHy67v5FxWE8bM2ej03Malfo5Z00ySmpPQAUZLbzHhhDDjFzkoc3A0Eoj8zql+AiTo2Nwv4oWjjNtPSqsv7QofZSCNuGxOkVkqH8wA6ZWwgqktlBgTTgSKFZVYAJj9Yr3rJADw4hFWL+g3uaBGWkJzmvh71+f8XxNIVCpQZHe5nAIs/KzQ==",
            "tags": null,
            "tags_all": {
              "from": "terraform",
              "owner": "Adolfo.Ninapaytan"
            }
          },
          "sensitive_attributes": [],
          "private": "eyJzY2hlbWFfdmVyc2lvbiI6IjEifQ==",
          "dependencies": [
            "module.compute.tls_private_key.webserver_private_key"
          ]
        }
      ]
    },
    {
      "module": "module.compute",
      "mode": "managed",
      "type": "local_file",
      "name": "private_key",
      "provider": "provider[\"registry.terraform.io/hashicorp/local\"]",
      "instances": [
        {
          "schema_version": 0,
          "attributes": {
            "content": "-----BEGIN RSA PRIVATE KEY-----\nMIIJKAIBAAKCAgEA06Xi3C6Qh2YSb5t1Ydi0ngHGEg1mj6395c9uPvuNoakbyt+o\nC5qM6jPm5Ua+G48zSYSSEH7pD9KCE429p0eh7pryicf6EOgo7FEffdpXnQTOMZC5\njz9usFzIs/KvfJZUhP0L7J4kqp/4i3hVnZkyxPdEPfBCL/f7HUCNefYsfUpcGQGp\nBTY/LemQzoHoYxJMk6ZPmyW5adasCt51dGX7NNHDCyEAFm6ranOZhL0mZeA4rNmy\nABqxe2tm2tlrotDxQRGho7X6HR6/qW14DD5jHZdk+5z1Z7cYqQI6eqwr/HPp8qGQ\nLM04Kds0E9V0RNPw9Km8wEafbUAFz2a+DlCrv+8lq5HUeMlZWwmJxou8lNcQE25t\nnNbW4Bctm4x28wlY4rJnuvFzfel8qdaGaijfLBad/FiS4Y4Sw2cNVuoW14/mxV+B\nK40XXThSVnkqEHp0vVc5UcFHqfF+HBPmCZ5gdgmYQgkKfm5FDk+dG82ZUCWeSfGr\nmncyDbqmX0h8uu7+RcVhPGzNno9NzGpX6OWdNMkpqT0AFGS28x4YQw4xc5KHNwNB\nKI/M6pfgIk6NjcL+KFo4zbT0qrL+0KH2UgjbhsTpFZKh/MAOmVsIKpLZQYE04Eih\nWVWACY/WK96yQA8OIRVi/oN7mgRlpCc5r4e9fn/F8TSFQqUGR3uZwCLPys0CAwEA\nAQKCAgA0b7wGCy9ZrGtS5XQums8c+pmFLXbEkDoAbuUEi7RqYgh1ufXbch4JhHRn\nR6CgGVl+lG7P0XGSrvf1Oj/Lqw6unAsNIdONzscczXh86NSeHWuskgu3NuMIpORA\n2RarSl+EV2FV7VRuRZYBj/2+Pw96Bz0MD3OGiOzZMX4bwmcBX6PzuhqTJP6ANIbg\n8wSNTyJTzneYm78VPs9/HeCBxyZ2zqWBI1rvM9oaVKurXGWgBe5kvMbCCdsBFfn0\nrLtjKlsrYN/oPJTMFCsuIeYFOou58CFfyWJvoMhmTxwH+pInSNykdWzP/MQ2co2z\ngEX/K3deVpNiG90x5xPJb84Uo935Cz1MM4dcX3PD4PwZZe7ENtgZ1xtn3LwOEOkn\nu0mykNmx8nsA3I7YJvIBPfc88TVctWnSMXuA/Pl9TSeftytUg3xdaBvAoDE9EzVq\nwPpZQS772ZABjLmWzF+/YDfwQDqMCgDkCjm8hQ7BfzPTnSyHOw1hODGoEBhKXphS\n3i9121zQfQcAOz0N+QIEOwoTkdnx6OSO7nDneESF1yIn/VyFaYScPHetSB10x3le\n4KRaLBQprVAESY5gAf3HMqUgISJOMvJTu6SofahURjadbrkX/734rm7qXqjIfIDz\nf8vY74w2q3FllBllymcuWpbMpopcKInmdvrwKyc/3lSCDSn8rQKCAQEA5FDc68SK\nnnGBNV76woOMMiqSAldhO/qEIHJeUvtXVIAlns3J8jSm92yGX0zdmErblsr3s5eE\nzfGV2BjAVmd1pJoL+waZgKyWWWUn1aipxpl8+zxiPF+GAcdObd6wT3KuCbfQ51/G\n1lwEPK4r8xeYDonWKsEP2CAQqJn1w/1ypJ5DtS0kLBk4y9PlmYfuSi+ddY0Ra59K\nOjiHQ10tDB8pmQTZVG/jYWI9+WH4R4P8fsLdlZfjaXOsMDh17clCs1MINVkae86K\noTxNo0oqo8+8n+jW4oOrsKZzXmQF2ytlNvQVfBU0qfPhN0irbzgCio+LIs0yx+30\nrBvXhI9XmaPpgwKCAQEA7U+jAoYN4Hxdn+LM46EG6nwUiSgEk+i5KO2mcWJKI01l\n1oXZevw7HPoUC+0thHtPZjIIdIVDnHlfBf5NaHPmkLUhogNFF+Gm15JSF1sVw9L5\nNmMl1r+QpY5Jltc02oc7YrO2N+KlEjDMrhYCVPJhPUW74j3M1CJ1Cg9KRrQJSmFV\ntPSNRIQBxY65sPGNSJ1R6NFt4Q1zGdQsYlKJYP5E5bDBNx6wAJp+4bf5Z03Co+m4\nYoDCCLz+EEg8RJNvYRlR3+pwI8urud8lgc6PYy4uMtt9MnirbXXATQO4XK4+YyjY\nudQ6jmtL8+Yr0k12Gb+G8Fb+5SaahF0PJlmQ0wVZbwKCAQB7oAVfbBaa4F7UJU+m\nT1B0QXS569JshaNRZlwIlqucx56XNFqq2TOnOY4wwBAkzDPGnLQu/FYepTc7wXsz\nzeV3cSoXjGVFtS3bzdgZ6q+zJ5zy9KlEg3yuLdsbxr605iWygWOOROAHZd+tc6m8\ngQQGqz/Z+pu3rPUYNfVLYErZNBD5Yy346tdEFsJ1tZKjfNDHu9C485FfoQgsw6EG\ntUDy6Bs9izAVpPpltFSZdLAdeyo8O/gZO1b67Td9v8JsEwOYz1x1uUp7L4niZuBb\nvrol5A+mqyEmD5rce1BockDl1phjjZ/sfm9uXdzl5fAKUttFxtI+S2x2XMT/tBX8\nzTI9AoIBAF8IpkoLbyE4DLJLvCtoQAHFQOAQU4z8BLJ8QUxkxTXP9/lpzscunWmk\nSETibXkBfLF7VeF7wLC39jLLPSqYR3wp3VcpIhFHP25S3WcXBedO5JhAKlYOjxmN\nmrC6bCMbRs/nEhDdRae8PSt2CucDzacg9vXKM+28AszNhLw9uv67bfwydyQ6DQ+V\ncY2HnkG3Jqcqv2sB3Nc6HbAeR3+9M9Ab8bRmKKuFM0ynRUx2Wn0TytA/qfSf4sqY\ncvIvbMogvqYCF3huRs3/q+CI3OkmBEA/n6qHoncKUcFFvR34dWl2YRxB/lUsaNU6\nls/4T1ROW/aBkEAqLnTVY4zDD3lCSicCggEBAKyeOUYpnDhtUwTsPpJur7+KWu37\nSMzROcFVVPmaWNSvUZKcUUvxGZ6JLVxvBU39Vckrgq8vYQEyMlVSjG2wr8MtLKpX\nuMC3ANDePIgqT3ABpfkTsRgcF7PiUIOyTB+l6+vPR4RUNMt9TTt2swaFoPuwoYGZ\nbcOahAa0bS28Q/2LZJ8OP7eYywjSDEurjLUnZrnDixhybcZpYAkbzULzRwcLK8MZ\nmaXXdVN9VHgsECMpSqy+EIvJzWMIgSyUex4pcQ/u6LmMaD5SiC9ugsGpudm+nOqc\nZ0krO8zxl/lHWSIUGuL2zA+OPCnpDnrt8VZJ3RJk68ZHqFH52pNzZkTNwf0=\n-----END RSA PRIVATE KEY-----\n",
            "content_base64": null,
            "directory_permission": "0777",
            "file_permission": "400",
            "filename": "webserver_key.pem",
            "id": "fb49ef76da8a705ea10495038e966f3529b7d7d1",
            "sensitive_content": null,
            "source": null
          },
          "sensitive_attributes": [
            [
              {
                "type": "get_attr",
                "value": "content"
              }
            ]
          ],
          "private": "bnVsbA==",
          "dependencies": [
            "module.compute.tls_private_key.webserver_private_key"
          ]
        }
      ]
    },
    {
      "module": "module.compute",
      "mode": "managed",
      "type": "tls_private_key",
      "name": "webserver_private_key",
      "provider": "provider[\"registry.terraform.io/hashicorp/tls\"]",
      "instances": [
        {
          "schema_version": 1,
          "attributes": {
            "algorithm": "RSA",
            "ecdsa_curve": "P224",
            "id": "d104462bda2f54f98b09da7a8c7cbdfa1511ec42",
            "private_key_openssh": "-----BEGIN OPENSSH PRIVATE KEY-----\nb3BlbnNzaC1rZXktdjEAAAAABG5vbmUAAAAEbm9uZQAAAAAAAAABAAACFwAAAAdz\nc2gtcnNhAAAAAwEAAQAAAgEA06Xi3C6Qh2YSb5t1Ydi0ngHGEg1mj6395c9uPvuN\noakbyt+oC5qM6jPm5Ua+G48zSYSSEH7pD9KCE429p0eh7pryicf6EOgo7FEffdpX\nnQTOMZC5jz9usFzIs/KvfJZUhP0L7J4kqp/4i3hVnZkyxPdEPfBCL/f7HUCNefYs\nfUpcGQGpBTY/LemQzoHoYxJMk6ZPmyW5adasCt51dGX7NNHDCyEAFm6ranOZhL0m\nZeA4rNmyABqxe2tm2tlrotDxQRGho7X6HR6/qW14DD5jHZdk+5z1Z7cYqQI6eqwr\n/HPp8qGQLM04Kds0E9V0RNPw9Km8wEafbUAFz2a+DlCrv+8lq5HUeMlZWwmJxou8\nlNcQE25tnNbW4Bctm4x28wlY4rJnuvFzfel8qdaGaijfLBad/FiS4Y4Sw2cNVuoW\n14/mxV+BK40XXThSVnkqEHp0vVc5UcFHqfF+HBPmCZ5gdgmYQgkKfm5FDk+dG82Z\nUCWeSfGrmncyDbqmX0h8uu7+RcVhPGzNno9NzGpX6OWdNMkpqT0AFGS28x4YQw4x\nc5KHNwNBKI/M6pfgIk6NjcL+KFo4zbT0qrL+0KH2UgjbhsTpFZKh/MAOmVsIKpLZ\nQYE04EihWVWACY/WK96yQA8OIRVi/oN7mgRlpCc5r4e9fn/F8TSFQqUGR3uZwCLP\nys0AAAc4tG790LRu/dAAAAAHc3NoLXJzYQAAAgEA06Xi3C6Qh2YSb5t1Ydi0ngHG\nEg1mj6395c9uPvuNoakbyt+oC5qM6jPm5Ua+G48zSYSSEH7pD9KCE429p0eh7pry\nicf6EOgo7FEffdpXnQTOMZC5jz9usFzIs/KvfJZUhP0L7J4kqp/4i3hVnZkyxPdE\nPfBCL/f7HUCNefYsfUpcGQGpBTY/LemQzoHoYxJMk6ZPmyW5adasCt51dGX7NNHD\nCyEAFm6ranOZhL0mZeA4rNmyABqxe2tm2tlrotDxQRGho7X6HR6/qW14DD5jHZdk\n+5z1Z7cYqQI6eqwr/HPp8qGQLM04Kds0E9V0RNPw9Km8wEafbUAFz2a+DlCrv+8l\nq5HUeMlZWwmJxou8lNcQE25tnNbW4Bctm4x28wlY4rJnuvFzfel8qdaGaijfLBad\n/FiS4Y4Sw2cNVuoW14/mxV+BK40XXThSVnkqEHp0vVc5UcFHqfF+HBPmCZ5gdgmY\nQgkKfm5FDk+dG82ZUCWeSfGrmncyDbqmX0h8uu7+RcVhPGzNno9NzGpX6OWdNMkp\nqT0AFGS28x4YQw4xc5KHNwNBKI/M6pfgIk6NjcL+KFo4zbT0qrL+0KH2UgjbhsTp\nFZKh/MAOmVsIKpLZQYE04EihWVWACY/WK96yQA8OIRVi/oN7mgRlpCc5r4e9fn/F\n8TSFQqUGR3uZwCLPys0AAAADAQABAAACADRvvAYLL1msa1LldC6azxz6mYUtdsSQ\nOgBu5QSLtGpiCHW59dtyHgmEdGdHoKAZWX6Ubs/RcZKu9/U6P8urDq6cCw0h043O\nxxzNeHzo1J4da6ySC7c24wik5EDZFqtKX4RXYVXtVG5FlgGP/b4/D3oHPQwPc4aI\n7NkxfhvCZwFfo/O6GpMk/oA0huDzBI1PIlPOd5ibvxU+z38d4IHHJnbOpYEjWu8z\n2hpUq6tcZaAF7mS8xsIJ2wEV+fSsu2MqWytg3+g8lMwUKy4h5gU6i7nwIV/JYm+g\nyGZPHAf6kidI3KR1bM/8xDZyjbOARf8rd15Wk2Ib3THnE8lvzhSj3fkLPUwzh1xf\nc8Pg/Bll7sQ22BnXG2fcvA4Q6Se7SbKQ2bHyewDcjtgm8gE99zzxNVy1adIxe4D8\n+X1NJ5+3K1SDfF1oG8CgMT0TNWrA+llBLvvZkAGMuZbMX79gN/BAOowKAOQKObyF\nDsF/M9OdLIc7DWE4MagQGEpemFLeL3XbXNB9BwA7PQ35AgQ7ChOR2fHo5I7ucOd4\nRIXXIif9XIVphJw8d61IHXTHeV7gpFosFCmtUARJjmAB/ccypSAhIk4y8lO7pKh9\nqFRGNp1uuRf/vfiubupeqMh8gPN/y9jvjDarcWWUGWXKZy5alsymilwoieZ2+vAr\nJz/eVIINKfytAAABAQCsnjlGKZw4bVME7D6Sbq+/ilrt+0jM0TnBVVT5mljUr1GS\nnFFL8RmeiS1cbwVN/VXJK4KvL2EBMjJVUoxtsK/DLSyqV7jAtwDQ3jyIKk9wAaX5\nE7EYHBez4lCDskwfpevrz0eEVDTLfU07drMGhaD7sKGBmW3DmoQGtG0tvEP9i2Sf\nDj+3mMsI0gxLq4y1J2a5w4sYcm3GaWAJG81C80cHCyvDGZml13VTfVR4LBAjKUqs\nvhCLyc1jCIEslHseKXEP7ui5jGg+UogvboLBqbnZvpzqnGdJKzvM8Zf5R1kiFBri\n9swPjjwp6Q567fFWSd0SZOvGR6hR+dqTc2ZEzcH9AAABAQDkUNzrxIqecYE1XvrC\ng4wyKpICV2E7+oQgcl5S+1dUgCWezcnyNKb3bIZfTN2YStuWyvezl4TN8ZXYGMBW\nZ3Wkmgv7BpmArJZZZSfVqKnGmXz7PGI8X4YBx05t3rBPcq4Jt9DnX8bWXAQ8rivz\nF5gOidYqwQ/YIBComfXD/XKknkO1LSQsGTjL0+WZh+5KL511jRFrn0o6OIdDXS0M\nHymZBNlUb+NhYj35YfhHg/x+wt2Vl+Npc6wwOHXtyUKzUwg1WRp7zoqhPE2jSiqj\nz7yf6Nbig6uwpnNeZAXbK2U29BV8FTSp8+E3SKtvOAKKj4sizTLH7fSsG9eEj1eZ\no+mDAAABAQDtT6MChg3gfF2f4szjoQbqfBSJKAST6Lko7aZxYkojTWXWhdl6/Dsc\n+hQL7S2Ee09mMgh0hUOceV8F/k1oc+aQtSGiA0UX4abXklIXWxXD0vk2YyXWv5Cl\njkmW1zTahztis7Y34qUSMMyuFgJU8mE9RbviPczUInUKD0pGtAlKYVW09I1EhAHF\njrmw8Y1InVHo0W3hDXMZ1CxiUolg/kTlsME3HrAAmn7ht/lnTcKj6bhigMIIvP4Q\nSDxEk29hGVHf6nAjy6u53yWBzo9jLi4y230yeKttdcBNA7hcrj5jKNi51DqOa0vz\n5ivSTXYZv4bwVv7lJpqEXQ8mWZDTBVlvAAAAAAEC\n-----END OPENSSH PRIVATE KEY-----\n",
            "private_key_pem": "-----BEGIN RSA PRIVATE KEY-----\nMIIJKAIBAAKCAgEA06Xi3C6Qh2YSb5t1Ydi0ngHGEg1mj6395c9uPvuNoakbyt+o\nC5qM6jPm5Ua+G48zSYSSEH7pD9KCE429p0eh7pryicf6EOgo7FEffdpXnQTOMZC5\njz9usFzIs/KvfJZUhP0L7J4kqp/4i3hVnZkyxPdEPfBCL/f7HUCNefYsfUpcGQGp\nBTY/LemQzoHoYxJMk6ZPmyW5adasCt51dGX7NNHDCyEAFm6ranOZhL0mZeA4rNmy\nABqxe2tm2tlrotDxQRGho7X6HR6/qW14DD5jHZdk+5z1Z7cYqQI6eqwr/HPp8qGQ\nLM04Kds0E9V0RNPw9Km8wEafbUAFz2a+DlCrv+8lq5HUeMlZWwmJxou8lNcQE25t\nnNbW4Bctm4x28wlY4rJnuvFzfel8qdaGaijfLBad/FiS4Y4Sw2cNVuoW14/mxV+B\nK40XXThSVnkqEHp0vVc5UcFHqfF+HBPmCZ5gdgmYQgkKfm5FDk+dG82ZUCWeSfGr\nmncyDbqmX0h8uu7+RcVhPGzNno9NzGpX6OWdNMkpqT0AFGS28x4YQw4xc5KHNwNB\nKI/M6pfgIk6NjcL+KFo4zbT0qrL+0KH2UgjbhsTpFZKh/MAOmVsIKpLZQYE04Eih\nWVWACY/WK96yQA8OIRVi/oN7mgRlpCc5r4e9fn/F8TSFQqUGR3uZwCLPys0CAwEA\nAQKCAgA0b7wGCy9ZrGtS5XQums8c+pmFLXbEkDoAbuUEi7RqYgh1ufXbch4JhHRn\nR6CgGVl+lG7P0XGSrvf1Oj/Lqw6unAsNIdONzscczXh86NSeHWuskgu3NuMIpORA\n2RarSl+EV2FV7VRuRZYBj/2+Pw96Bz0MD3OGiOzZMX4bwmcBX6PzuhqTJP6ANIbg\n8wSNTyJTzneYm78VPs9/HeCBxyZ2zqWBI1rvM9oaVKurXGWgBe5kvMbCCdsBFfn0\nrLtjKlsrYN/oPJTMFCsuIeYFOou58CFfyWJvoMhmTxwH+pInSNykdWzP/MQ2co2z\ngEX/K3deVpNiG90x5xPJb84Uo935Cz1MM4dcX3PD4PwZZe7ENtgZ1xtn3LwOEOkn\nu0mykNmx8nsA3I7YJvIBPfc88TVctWnSMXuA/Pl9TSeftytUg3xdaBvAoDE9EzVq\nwPpZQS772ZABjLmWzF+/YDfwQDqMCgDkCjm8hQ7BfzPTnSyHOw1hODGoEBhKXphS\n3i9121zQfQcAOz0N+QIEOwoTkdnx6OSO7nDneESF1yIn/VyFaYScPHetSB10x3le\n4KRaLBQprVAESY5gAf3HMqUgISJOMvJTu6SofahURjadbrkX/734rm7qXqjIfIDz\nf8vY74w2q3FllBllymcuWpbMpopcKInmdvrwKyc/3lSCDSn8rQKCAQEA5FDc68SK\nnnGBNV76woOMMiqSAldhO/qEIHJeUvtXVIAlns3J8jSm92yGX0zdmErblsr3s5eE\nzfGV2BjAVmd1pJoL+waZgKyWWWUn1aipxpl8+zxiPF+GAcdObd6wT3KuCbfQ51/G\n1lwEPK4r8xeYDonWKsEP2CAQqJn1w/1ypJ5DtS0kLBk4y9PlmYfuSi+ddY0Ra59K\nOjiHQ10tDB8pmQTZVG/jYWI9+WH4R4P8fsLdlZfjaXOsMDh17clCs1MINVkae86K\noTxNo0oqo8+8n+jW4oOrsKZzXmQF2ytlNvQVfBU0qfPhN0irbzgCio+LIs0yx+30\nrBvXhI9XmaPpgwKCAQEA7U+jAoYN4Hxdn+LM46EG6nwUiSgEk+i5KO2mcWJKI01l\n1oXZevw7HPoUC+0thHtPZjIIdIVDnHlfBf5NaHPmkLUhogNFF+Gm15JSF1sVw9L5\nNmMl1r+QpY5Jltc02oc7YrO2N+KlEjDMrhYCVPJhPUW74j3M1CJ1Cg9KRrQJSmFV\ntPSNRIQBxY65sPGNSJ1R6NFt4Q1zGdQsYlKJYP5E5bDBNx6wAJp+4bf5Z03Co+m4\nYoDCCLz+EEg8RJNvYRlR3+pwI8urud8lgc6PYy4uMtt9MnirbXXATQO4XK4+YyjY\nudQ6jmtL8+Yr0k12Gb+G8Fb+5SaahF0PJlmQ0wVZbwKCAQB7oAVfbBaa4F7UJU+m\nT1B0QXS569JshaNRZlwIlqucx56XNFqq2TOnOY4wwBAkzDPGnLQu/FYepTc7wXsz\nzeV3cSoXjGVFtS3bzdgZ6q+zJ5zy9KlEg3yuLdsbxr605iWygWOOROAHZd+tc6m8\ngQQGqz/Z+pu3rPUYNfVLYErZNBD5Yy346tdEFsJ1tZKjfNDHu9C485FfoQgsw6EG\ntUDy6Bs9izAVpPpltFSZdLAdeyo8O/gZO1b67Td9v8JsEwOYz1x1uUp7L4niZuBb\nvrol5A+mqyEmD5rce1BockDl1phjjZ/sfm9uXdzl5fAKUttFxtI+S2x2XMT/tBX8\nzTI9AoIBAF8IpkoLbyE4DLJLvCtoQAHFQOAQU4z8BLJ8QUxkxTXP9/lpzscunWmk\nSETibXkBfLF7VeF7wLC39jLLPSqYR3wp3VcpIhFHP25S3WcXBedO5JhAKlYOjxmN\nmrC6bCMbRs/nEhDdRae8PSt2CucDzacg9vXKM+28AszNhLw9uv67bfwydyQ6DQ+V\ncY2HnkG3Jqcqv2sB3Nc6HbAeR3+9M9Ab8bRmKKuFM0ynRUx2Wn0TytA/qfSf4sqY\ncvIvbMogvqYCF3huRs3/q+CI3OkmBEA/n6qHoncKUcFFvR34dWl2YRxB/lUsaNU6\nls/4T1ROW/aBkEAqLnTVY4zDD3lCSicCggEBAKyeOUYpnDhtUwTsPpJur7+KWu37\nSMzROcFVVPmaWNSvUZKcUUvxGZ6JLVxvBU39Vckrgq8vYQEyMlVSjG2wr8MtLKpX\nuMC3ANDePIgqT3ABpfkTsRgcF7PiUIOyTB+l6+vPR4RUNMt9TTt2swaFoPuwoYGZ\nbcOahAa0bS28Q/2LZJ8OP7eYywjSDEurjLUnZrnDixhybcZpYAkbzULzRwcLK8MZ\nmaXXdVN9VHgsECMpSqy+EIvJzWMIgSyUex4pcQ/u6LmMaD5SiC9ugsGpudm+nOqc\nZ0krO8zxl/lHWSIUGuL2zA+OPCnpDnrt8VZJ3RJk68ZHqFH52pNzZkTNwf0=\n-----END RSA PRIVATE KEY-----\n",
            "private_key_pem_pkcs8": "-----BEGIN PRIVATE KEY-----\nMIIJQgIBADANBgkqhkiG9w0BAQEFAASCCSwwggkoAgEAAoICAQDTpeLcLpCHZhJv\nm3Vh2LSeAcYSDWaPrf3lz24++42hqRvK36gLmozqM+blRr4bjzNJhJIQfukP0oIT\njb2nR6HumvKJx/oQ6CjsUR992ledBM4xkLmPP26wXMiz8q98llSE/QvsniSqn/iL\neFWdmTLE90Q98EIv9/sdQI159ix9SlwZAakFNj8t6ZDOgehjEkyTpk+bJblp1qwK\n3nV0Zfs00cMLIQAWbqtqc5mEvSZl4Dis2bIAGrF7a2ba2Wui0PFBEaGjtfodHr+p\nbXgMPmMdl2T7nPVntxipAjp6rCv8c+nyoZAszTgp2zQT1XRE0/D0qbzARp9tQAXP\nZr4OUKu/7yWrkdR4yVlbCYnGi7yU1xATbm2c1tbgFy2bjHbzCVjisme68XN96Xyp\n1oZqKN8sFp38WJLhjhLDZw1W6hbXj+bFX4ErjRddOFJWeSoQenS9VzlRwUep8X4c\nE+YJnmB2CZhCCQp+bkUOT50bzZlQJZ5J8auadzINuqZfSHy67v5FxWE8bM2ej03M\nalfo5Z00ySmpPQAUZLbzHhhDDjFzkoc3A0Eoj8zql+AiTo2Nwv4oWjjNtPSqsv7Q\nofZSCNuGxOkVkqH8wA6ZWwgqktlBgTTgSKFZVYAJj9Yr3rJADw4hFWL+g3uaBGWk\nJzmvh71+f8XxNIVCpQZHe5nAIs/KzQIDAQABAoICADRvvAYLL1msa1LldC6azxz6\nmYUtdsSQOgBu5QSLtGpiCHW59dtyHgmEdGdHoKAZWX6Ubs/RcZKu9/U6P8urDq6c\nCw0h043OxxzNeHzo1J4da6ySC7c24wik5EDZFqtKX4RXYVXtVG5FlgGP/b4/D3oH\nPQwPc4aI7NkxfhvCZwFfo/O6GpMk/oA0huDzBI1PIlPOd5ibvxU+z38d4IHHJnbO\npYEjWu8z2hpUq6tcZaAF7mS8xsIJ2wEV+fSsu2MqWytg3+g8lMwUKy4h5gU6i7nw\nIV/JYm+gyGZPHAf6kidI3KR1bM/8xDZyjbOARf8rd15Wk2Ib3THnE8lvzhSj3fkL\nPUwzh1xfc8Pg/Bll7sQ22BnXG2fcvA4Q6Se7SbKQ2bHyewDcjtgm8gE99zzxNVy1\nadIxe4D8+X1NJ5+3K1SDfF1oG8CgMT0TNWrA+llBLvvZkAGMuZbMX79gN/BAOowK\nAOQKObyFDsF/M9OdLIc7DWE4MagQGEpemFLeL3XbXNB9BwA7PQ35AgQ7ChOR2fHo\n5I7ucOd4RIXXIif9XIVphJw8d61IHXTHeV7gpFosFCmtUARJjmAB/ccypSAhIk4y\n8lO7pKh9qFRGNp1uuRf/vfiubupeqMh8gPN/y9jvjDarcWWUGWXKZy5alsymilwo\nieZ2+vArJz/eVIINKfytAoIBAQDkUNzrxIqecYE1XvrCg4wyKpICV2E7+oQgcl5S\n+1dUgCWezcnyNKb3bIZfTN2YStuWyvezl4TN8ZXYGMBWZ3Wkmgv7BpmArJZZZSfV\nqKnGmXz7PGI8X4YBx05t3rBPcq4Jt9DnX8bWXAQ8rivzF5gOidYqwQ/YIBComfXD\n/XKknkO1LSQsGTjL0+WZh+5KL511jRFrn0o6OIdDXS0MHymZBNlUb+NhYj35YfhH\ng/x+wt2Vl+Npc6wwOHXtyUKzUwg1WRp7zoqhPE2jSiqjz7yf6Nbig6uwpnNeZAXb\nK2U29BV8FTSp8+E3SKtvOAKKj4sizTLH7fSsG9eEj1eZo+mDAoIBAQDtT6MChg3g\nfF2f4szjoQbqfBSJKAST6Lko7aZxYkojTWXWhdl6/Dsc+hQL7S2Ee09mMgh0hUOc\neV8F/k1oc+aQtSGiA0UX4abXklIXWxXD0vk2YyXWv5CljkmW1zTahztis7Y34qUS\nMMyuFgJU8mE9RbviPczUInUKD0pGtAlKYVW09I1EhAHFjrmw8Y1InVHo0W3hDXMZ\n1CxiUolg/kTlsME3HrAAmn7ht/lnTcKj6bhigMIIvP4QSDxEk29hGVHf6nAjy6u5\n3yWBzo9jLi4y230yeKttdcBNA7hcrj5jKNi51DqOa0vz5ivSTXYZv4bwVv7lJpqE\nXQ8mWZDTBVlvAoIBAHugBV9sFprgXtQlT6ZPUHRBdLnr0myFo1FmXAiWq5zHnpc0\nWqrZM6c5jjDAECTMM8actC78Vh6lNzvBezPN5XdxKheMZUW1LdvN2Bnqr7MnnPL0\nqUSDfK4t2xvGvrTmJbKBY45E4Adl361zqbyBBAarP9n6m7es9Rg19UtgStk0EPlj\nLfjq10QWwnW1kqN80Me70LjzkV+hCCzDoQa1QPLoGz2LMBWk+mW0VJl0sB17Kjw7\n+Bk7VvrtN32/wmwTA5jPXHW5SnsvieJm4Fu+uiXkD6arISYPmtx7UGhyQOXWmGON\nn+x+b25d3OXl8ApS20XG0j5LbHZcxP+0FfzNMj0CggEAXwimSgtvITgMsku8K2hA\nAcVA4BBTjPwEsnxBTGTFNc/3+WnOxy6daaRIROJteQF8sXtV4XvAsLf2Mss9KphH\nfCndVykiEUc/blLdZxcF507kmEAqVg6PGY2asLpsIxtGz+cSEN1Fp7w9K3YK5wPN\npyD29coz7bwCzM2EvD26/rtt/DJ3JDoND5VxjYeeQbcmpyq/awHc1zodsB5Hf70z\n0BvxtGYoq4UzTKdFTHZafRPK0D+p9J/iyphy8i9syiC+pgIXeG5Gzf+r4Ijc6SYE\nQD+fqoeidwpRwUW9Hfh1aXZhHEH+VSxo1TqWz/hPVE5b9oGQQCoudNVjjMMPeUJK\nJwKCAQEArJ45RimcOG1TBOw+km6vv4pa7ftIzNE5wVVU+ZpY1K9RkpxRS/EZnokt\nXG8FTf1VySuCry9hATIyVVKMbbCvwy0sqle4wLcA0N48iCpPcAGl+ROxGBwXs+JQ\ng7JMH6Xr689HhFQ0y31NO3azBoWg+7ChgZltw5qEBrRtLbxD/Ytknw4/t5jLCNIM\nS6uMtSdmucOLGHJtxmlgCRvNQvNHBwsrwxmZpdd1U31UeCwQIylKrL4Qi8nNYwiB\nLJR7HilxD+7ouYxoPlKIL26Cwam52b6c6pxnSSs7zPGX+UdZIhQa4vbMD448KekO\neu3xVkndEmTrxkeoUfnak3NmRM3B/Q==\n-----END PRIVATE KEY-----\n",
            "public_key_fingerprint_md5": "56:61:d5:f6:eb:b5:4c:31:9e:3b:c5:22:de:71:e6:3e",
            "public_key_fingerprint_sha256": "SHA256:hUi1WgTDgu/9C0Vuep8MidLozVmWlhm/tmWITeBenOE",
            "public_key_openssh": "ssh-rsa AAAAB3NzaC1yc2EAAAADAQABAAACAQDTpeLcLpCHZhJvm3Vh2LSeAcYSDWaPrf3lz24++42hqRvK36gLmozqM+blRr4bjzNJhJIQfukP0oITjb2nR6HumvKJx/oQ6CjsUR992ledBM4xkLmPP26wXMiz8q98llSE/QvsniSqn/iLeFWdmTLE90Q98EIv9/sdQI159ix9SlwZAakFNj8t6ZDOgehjEkyTpk+bJblp1qwK3nV0Zfs00cMLIQAWbqtqc5mEvSZl4Dis2bIAGrF7a2ba2Wui0PFBEaGjtfodHr+pbXgMPmMdl2T7nPVntxipAjp6rCv8c+nyoZAszTgp2zQT1XRE0/D0qbzARp9tQAXPZr4OUKu/7yWrkdR4yVlbCYnGi7yU1xATbm2c1tbgFy2bjHbzCVjisme68XN96Xyp1oZqKN8sFp38WJLhjhLDZw1W6hbXj+bFX4ErjRddOFJWeSoQenS9VzlRwUep8X4cE+YJnmB2CZhCCQp+bkUOT50bzZlQJZ5J8auadzINuqZfSHy67v5FxWE8bM2ej03Malfo5Z00ySmpPQAUZLbzHhhDDjFzkoc3A0Eoj8zql+AiTo2Nwv4oWjjNtPSqsv7QofZSCNuGxOkVkqH8wA6ZWwgqktlBgTTgSKFZVYAJj9Yr3rJADw4hFWL+g3uaBGWkJzmvh71+f8XxNIVCpQZHe5nAIs/KzQ==\n",
            "public_key_pem": "-----BEGIN PUBLIC KEY-----\nMIICIjANBgkqhkiG9w0BAQEFAAOCAg8AMIICCgKCAgEA06Xi3C6Qh2YSb5t1Ydi0\nngHGEg1mj6395c9uPvuNoakbyt+oC5qM6jPm5Ua+G48zSYSSEH7pD9KCE429p0eh\n7pryicf6EOgo7FEffdpXnQTOMZC5jz9usFzIs/KvfJZUhP0L7J4kqp/4i3hVnZky\nxPdEPfBCL/f7HUCNefYsfUpcGQGpBTY/LemQzoHoYxJMk6ZPmyW5adasCt51dGX7\nNNHDCyEAFm6ranOZhL0mZeA4rNmyABqxe2tm2tlrotDxQRGho7X6HR6/qW14DD5j\nHZdk+5z1Z7cYqQI6eqwr/HPp8qGQLM04Kds0E9V0RNPw9Km8wEafbUAFz2a+DlCr\nv+8lq5HUeMlZWwmJxou8lNcQE25tnNbW4Bctm4x28wlY4rJnuvFzfel8qdaGaijf\nLBad/FiS4Y4Sw2cNVuoW14/mxV+BK40XXThSVnkqEHp0vVc5UcFHqfF+HBPmCZ5g\ndgmYQgkKfm5FDk+dG82ZUCWeSfGrmncyDbqmX0h8uu7+RcVhPGzNno9NzGpX6OWd\nNMkpqT0AFGS28x4YQw4xc5KHNwNBKI/M6pfgIk6NjcL+KFo4zbT0qrL+0KH2Ugjb\nhsTpFZKh/MAOmVsIKpLZQYE04EihWVWACY/WK96yQA8OIRVi/oN7mgRlpCc5r4e9\nfn/F8TSFQqUGR3uZwCLPys0CAwEAAQ==\n-----END PUBLIC KEY-----\n",
            "rsa_bits": 4096
          },
          "sensitive_attributes": []
        }
      ]
    },
    {
      "module": "module.network",
      "mode": "managed",
      "type": "aws_eip",
      "name": "eip-ng-adolfo",
      "provider": "provider[\"registry.terraform.io/hashicorp/aws\"]",
      "instances": [
        {
          "schema_version": 0,
          "attributes": {
            "address": null,
            "allocation_id": "eipalloc-055c89f1e27c0a1d5",
            "associate_with_private_ip": null,
            "association_id": "",
            "carrier_ip": "",
            "customer_owned_ip": "",
            "customer_owned_ipv4_pool": "",
            "domain": "vpc",
            "id": "eipalloc-055c89f1e27c0a1d5",
            "instance": "",
            "network_border_group": "us-east-1",
            "network_interface": "",
            "private_dns": null,
            "private_ip": "",
            "public_dns": "ec2-35-175-97-118.compute-1.amazonaws.com",
            "public_ip": "35.175.97.118",
            "public_ipv4_pool": "amazon",
            "tags": {
              "Name": "eip-ng-adolfo"
            },
            "tags_all": {
              "Name": "eip-ng-adolfo",
              "from": "terraform",
              "owner": "Adolfo.Ninapaytan"
            },
            "timeouts": null,
            "vpc": true
          },
          "sensitive_attributes": [],
          "private": "eyJlMmJmYjczMC1lY2FhLTExZTYtOGY4OC0zNDM2M2JjN2M0YzAiOnsiZGVsZXRlIjoxODAwMDAwMDAwMDAsInJlYWQiOjkwMDAwMDAwMDAwMCwidXBkYXRlIjozMDAwMDAwMDAwMDB9fQ=="
        }
      ]
    },
    {
      "module": "module.network",
      "mode": "managed",
      "type": "aws_internet_gateway",
      "name": "ig-adolfo",
      "provider": "provider[\"registry.terraform.io/hashicorp/aws\"]",
      "instances": [
        {
          "schema_version": 0,
          "attributes": {
            "arn": "arn:aws:ec2:us-east-1:840175130015:internet-gateway/igw-06438d6fac0acd37f",
            "id": "igw-06438d6fac0acd37f",
            "owner_id": "840175130015",
            "tags": {
              "Name": "ig-adolfo"
            },
            "tags_all": {
              "Name": "ig-adolfo",
              "from": "terraform",
              "owner": "Adolfo.Ninapaytan"
            },
            "timeouts": null,
            "vpc_id": "vpc-09a7cdec59a66096e"
          },
          "sensitive_attributes": [],
          "private": "eyJlMmJmYjczMC1lY2FhLTExZTYtOGY4OC0zNDM2M2JjN2M0YzAiOnsiY3JlYXRlIjoxMjAwMDAwMDAwMDAwLCJkZWxldGUiOjEyMDAwMDAwMDAwMDAsInVwZGF0ZSI6MTIwMDAwMDAwMDAwMH19",
          "dependencies": [
            "module.network.aws_vpc.vpc-adolfo"
          ]
        }
      ]
    },
    {
      "module": "module.network",
      "mode": "managed",
      "type": "aws_nat_gateway",
      "name": "ng-adolfo",
      "provider": "provider[\"registry.terraform.io/hashicorp/aws\"]",
      "instances": [
        {
          "schema_version": 0,
          "attributes": {
            "allocation_id": "eipalloc-055c89f1e27c0a1d5",
            "connectivity_type": "public",
            "id": "nat-05526f32d828ab3c8",
            "network_interface_id": "eni-0d784d0d353324421",
            "private_ip": "10.0.0.180",
            "public_ip": "35.175.97.118",
            "subnet_id": "subnet-0b9216a6722e289f5",
            "tags": {
              "Name": "ng-adolfo"
            },
            "tags_all": {
              "Name": "ng-adolfo",
              "from": "terraform",
              "owner": "Adolfo.Ninapaytan"
            }
          },
          "sensitive_attributes": [],
          "private": "bnVsbA==",
          "dependencies": [
            "module.network.aws_eip.eip-ng-adolfo",
            "module.network.aws_internet_gateway.ig-adolfo",
            "module.network.aws_subnet.subnet-a-public",
            "module.network.aws_vpc.vpc-adolfo"
          ]
        }
      ]
    },
    {
      "module": "module.network",
      "mode": "managed",
      "type": "aws_route_table",
      "name": "rt-private-adolfo",
      "provider": "provider[\"registry.terraform.io/hashicorp/aws\"]",
      "instances": [
        {
          "schema_version": 0,
          "attributes": {
            "arn": "arn:aws:ec2:us-east-1:840175130015:route-table/rtb-0906582293a1fe635",
            "id": "rtb-0906582293a1fe635",
            "owner_id": "840175130015",
            "propagating_vgws": [],
            "route": [
              {
                "carrier_gateway_id": "",
                "cidr_block": "0.0.0.0/0",
                "core_network_arn": "",
                "destination_prefix_list_id": "",
                "egress_only_gateway_id": "",
                "gateway_id": "",
                "instance_id": "",
                "ipv6_cidr_block": "",
                "local_gateway_id": "",
                "nat_gateway_id": "nat-05526f32d828ab3c8",
                "network_interface_id": "",
                "transit_gateway_id": "",
                "vpc_endpoint_id": "",
                "vpc_peering_connection_id": ""
              }
            ],
            "tags": {
              "Name": "rt-private-adolfo"
            },
            "tags_all": {
              "Name": "rt-private-adolfo",
              "from": "terraform",
              "owner": "Adolfo.Ninapaytan"
            },
            "timeouts": null,
            "vpc_id": "vpc-09a7cdec59a66096e"
          },
          "sensitive_attributes": [],
          "private": "eyJlMmJmYjczMC1lY2FhLTExZTYtOGY4OC0zNDM2M2JjN2M0YzAiOnsiY3JlYXRlIjozMDAwMDAwMDAwMDAsImRlbGV0ZSI6MzAwMDAwMDAwMDAwLCJ1cGRhdGUiOjEyMDAwMDAwMDAwMH19",
          "dependencies": [
            "module.network.aws_eip.eip-ng-adolfo",
            "module.network.aws_internet_gateway.ig-adolfo",
            "module.network.aws_nat_gateway.ng-adolfo",
            "module.network.aws_subnet.subnet-a-public",
            "module.network.aws_vpc.vpc-adolfo"
          ]
        }
      ]
    },
    {
      "module": "module.network",
      "mode": "managed",
      "type": "aws_route_table",
      "name": "rt-public-adolfo",
      "provider": "provider[\"registry.terraform.io/hashicorp/aws\"]",
      "instances": [
        {
          "schema_version": 0,
          "attributes": {
            "arn": "arn:aws:ec2:us-east-1:840175130015:route-table/rtb-0354ba2d31d0ab4db",
            "id": "rtb-0354ba2d31d0ab4db",
            "owner_id": "840175130015",
            "propagating_vgws": [],
            "route": [
              {
                "carrier_gateway_id": "",
                "cidr_block": "0.0.0.0/0",
                "core_network_arn": "",
                "destination_prefix_list_id": "",
                "egress_only_gateway_id": "",
                "gateway_id": "igw-06438d6fac0acd37f",
                "instance_id": "",
                "ipv6_cidr_block": "",
                "local_gateway_id": "",
                "nat_gateway_id": "",
                "network_interface_id": "",
                "transit_gateway_id": "",
                "vpc_endpoint_id": "",
                "vpc_peering_connection_id": ""
              }
            ],
            "tags": {
              "Name": "rt-public-adolfo"
            },
            "tags_all": {
              "Name": "rt-public-adolfo",
              "from": "terraform",
              "owner": "Adolfo.Ninapaytan"
            },
            "timeouts": null,
            "vpc_id": "vpc-09a7cdec59a66096e"
          },
          "sensitive_attributes": [],
          "private": "eyJlMmJmYjczMC1lY2FhLTExZTYtOGY4OC0zNDM2M2JjN2M0YzAiOnsiY3JlYXRlIjozMDAwMDAwMDAwMDAsImRlbGV0ZSI6MzAwMDAwMDAwMDAwLCJ1cGRhdGUiOjEyMDAwMDAwMDAwMH19",
          "dependencies": [
            "module.network.aws_internet_gateway.ig-adolfo",
            "module.network.aws_vpc.vpc-adolfo"
          ]
        }
      ]
    },
    {
      "module": "module.network",
      "mode": "managed",
      "type": "aws_route_table_association",
      "name": "adolfo-a-priv",
      "provider": "provider[\"registry.terraform.io/hashicorp/aws\"]",
      "instances": [
        {
          "schema_version": 0,
          "attributes": {
            "gateway_id": "",
            "id": "rtbassoc-0e74d9bf7127beb0d",
            "route_table_id": "rtb-0906582293a1fe635",
            "subnet_id": "subnet-0695958bb82b81bd0"
          },
          "sensitive_attributes": [],
          "private": "bnVsbA==",
          "dependencies": [
            "module.network.aws_eip.eip-ng-adolfo",
            "module.network.aws_internet_gateway.ig-adolfo",
            "module.network.aws_nat_gateway.ng-adolfo",
            "module.network.aws_route_table.rt-private-adolfo",
            "module.network.aws_subnet.subnet-a-private",
            "module.network.aws_subnet.subnet-a-public",
            "module.network.aws_vpc.vpc-adolfo"
          ]
        }
      ]
    },
    {
      "module": "module.network",
      "mode": "managed",
      "type": "aws_route_table_association",
      "name": "adolfo-a-pub",
      "provider": "provider[\"registry.terraform.io/hashicorp/aws\"]",
      "instances": [
        {
          "schema_version": 0,
          "attributes": {
            "gateway_id": "",
            "id": "rtbassoc-0f1833e8801657a56",
            "route_table_id": "rtb-0354ba2d31d0ab4db",
            "subnet_id": "subnet-0b9216a6722e289f5"
          },
          "sensitive_attributes": [],
          "private": "bnVsbA==",
          "dependencies": [
            "module.network.aws_internet_gateway.ig-adolfo",
            "module.network.aws_route_table.rt-public-adolfo",
            "module.network.aws_subnet.subnet-a-public",
            "module.network.aws_vpc.vpc-adolfo"
          ]
        }
      ]
    },
    {
      "module": "module.network",
      "mode": "managed",
      "type": "aws_route_table_association",
      "name": "adolfo-b-priv",
      "provider": "provider[\"registry.terraform.io/hashicorp/aws\"]",
      "instances": [
        {
          "schema_version": 0,
          "attributes": {
            "gateway_id": "",
            "id": "rtbassoc-0f76a6e0989f2a6ad",
            "route_table_id": "rtb-0906582293a1fe635",
            "subnet_id": "subnet-02bba0a98093c279f"
          },
          "sensitive_attributes": [],
          "private": "bnVsbA==",
          "dependencies": [
            "module.network.aws_eip.eip-ng-adolfo",
            "module.network.aws_internet_gateway.ig-adolfo",
            "module.network.aws_nat_gateway.ng-adolfo",
            "module.network.aws_route_table.rt-private-adolfo",
            "module.network.aws_subnet.subnet-a-public",
            "module.network.aws_subnet.subnet-b-private",
            "module.network.aws_vpc.vpc-adolfo"
          ]
        }
      ]
    },
    {
      "module": "module.network",
      "mode": "managed",
      "type": "aws_route_table_association",
      "name": "adolfo-b-pub",
      "provider": "provider[\"registry.terraform.io/hashicorp/aws\"]",
      "instances": [
        {
          "schema_version": 0,
          "attributes": {
            "gateway_id": "",
            "id": "rtbassoc-0916f8241697e9fc9",
            "route_table_id": "rtb-0354ba2d31d0ab4db",
            "subnet_id": "subnet-0094eeb2719f4e06f"
          },
          "sensitive_attributes": [],
          "private": "bnVsbA==",
          "dependencies": [
            "module.network.aws_internet_gateway.ig-adolfo",
            "module.network.aws_route_table.rt-public-adolfo",
            "module.network.aws_subnet.subnet-b-public",
            "module.network.aws_vpc.vpc-adolfo"
          ]
        }
      ]
    },
    {
      "module": "module.network",
      "mode": "managed",
      "type": "aws_subnet",
      "name": "subnet-a-private",
      "provider": "provider[\"registry.terraform.io/hashicorp/aws\"]",
      "instances": [
        {
          "schema_version": 1,
          "attributes": {
            "arn": "arn:aws:ec2:us-east-1:840175130015:subnet/subnet-0695958bb82b81bd0",
            "assign_ipv6_address_on_creation": false,
            "availability_zone": "us-east-1a",
            "availability_zone_id": "use1-az4",
            "cidr_block": "10.0.1.0/24",
            "customer_owned_ipv4_pool": "",
            "enable_dns64": false,
            "enable_resource_name_dns_a_record_on_launch": false,
            "enable_resource_name_dns_aaaa_record_on_launch": false,
            "id": "subnet-0695958bb82b81bd0",
            "ipv6_cidr_block": "",
            "ipv6_cidr_block_association_id": "",
            "ipv6_native": false,
            "map_customer_owned_ip_on_launch": false,
            "map_public_ip_on_launch": false,
            "outpost_arn": "",
            "owner_id": "840175130015",
            "private_dns_hostname_type_on_launch": "ip-name",
            "tags": {
              "Name": "subnet-a-private"
            },
            "tags_all": {
              "Name": "subnet-a-private",
              "from": "terraform",
              "owner": "Adolfo.Ninapaytan"
            },
            "timeouts": null,
            "vpc_id": "vpc-09a7cdec59a66096e"
          },
          "sensitive_attributes": [],
          "private": "eyJlMmJmYjczMC1lY2FhLTExZTYtOGY4OC0zNDM2M2JjN2M0YzAiOnsiY3JlYXRlIjo2MDAwMDAwMDAwMDAsImRlbGV0ZSI6MTIwMDAwMDAwMDAwMH0sInNjaGVtYV92ZXJzaW9uIjoiMSJ9",
          "dependencies": [
            "module.network.aws_vpc.vpc-adolfo"
          ]
        }
      ]
    },
    {
      "module": "module.network",
      "mode": "managed",
      "type": "aws_subnet",
      "name": "subnet-a-public",
      "provider": "provider[\"registry.terraform.io/hashicorp/aws\"]",
      "instances": [
        {
          "schema_version": 1,
          "attributes": {
            "arn": "arn:aws:ec2:us-east-1:840175130015:subnet/subnet-0b9216a6722e289f5",
            "assign_ipv6_address_on_creation": false,
            "availability_zone": "us-east-1a",
            "availability_zone_id": "use1-az4",
            "cidr_block": "10.0.0.0/24",
            "customer_owned_ipv4_pool": "",
            "enable_dns64": false,
            "enable_resource_name_dns_a_record_on_launch": false,
            "enable_resource_name_dns_aaaa_record_on_launch": false,
            "id": "subnet-0b9216a6722e289f5",
            "ipv6_cidr_block": "",
            "ipv6_cidr_block_association_id": "",
            "ipv6_native": false,
            "map_customer_owned_ip_on_launch": false,
            "map_public_ip_on_launch": true,
            "outpost_arn": "",
            "owner_id": "840175130015",
            "private_dns_hostname_type_on_launch": "ip-name",
            "tags": {
              "Name": "subnet-a-public"
            },
            "tags_all": {
              "Name": "subnet-a-public",
              "from": "terraform",
              "owner": "Adolfo.Ninapaytan"
            },
            "timeouts": null,
            "vpc_id": "vpc-09a7cdec59a66096e"
          },
          "sensitive_attributes": [],
          "private": "eyJlMmJmYjczMC1lY2FhLTExZTYtOGY4OC0zNDM2M2JjN2M0YzAiOnsiY3JlYXRlIjo2MDAwMDAwMDAwMDAsImRlbGV0ZSI6MTIwMDAwMDAwMDAwMH0sInNjaGVtYV92ZXJzaW9uIjoiMSJ9",
          "dependencies": [
            "module.network.aws_vpc.vpc-adolfo"
          ]
        }
      ]
    },
    {
      "module": "module.network",
      "mode": "managed",
      "type": "aws_subnet",
      "name": "subnet-b-private",
      "provider": "provider[\"registry.terraform.io/hashicorp/aws\"]",
      "instances": [
        {
          "schema_version": 1,
          "attributes": {
            "arn": "arn:aws:ec2:us-east-1:840175130015:subnet/subnet-02bba0a98093c279f",
            "assign_ipv6_address_on_creation": false,
            "availability_zone": "us-east-1b",
            "availability_zone_id": "use1-az6",
            "cidr_block": "10.0.3.0/24",
            "customer_owned_ipv4_pool": "",
            "enable_dns64": false,
            "enable_resource_name_dns_a_record_on_launch": false,
            "enable_resource_name_dns_aaaa_record_on_launch": false,
            "id": "subnet-02bba0a98093c279f",
            "ipv6_cidr_block": "",
            "ipv6_cidr_block_association_id": "",
            "ipv6_native": false,
            "map_customer_owned_ip_on_launch": false,
            "map_public_ip_on_launch": false,
            "outpost_arn": "",
            "owner_id": "840175130015",
            "private_dns_hostname_type_on_launch": "ip-name",
            "tags": {
              "Name": "subnet-b-private"
            },
            "tags_all": {
              "Name": "subnet-b-private",
              "from": "terraform",
              "owner": "Adolfo.Ninapaytan"
            },
            "timeouts": null,
            "vpc_id": "vpc-09a7cdec59a66096e"
          },
          "sensitive_attributes": [],
          "private": "eyJlMmJmYjczMC1lY2FhLTExZTYtOGY4OC0zNDM2M2JjN2M0YzAiOnsiY3JlYXRlIjo2MDAwMDAwMDAwMDAsImRlbGV0ZSI6MTIwMDAwMDAwMDAwMH0sInNjaGVtYV92ZXJzaW9uIjoiMSJ9",
          "dependencies": [
            "module.network.aws_vpc.vpc-adolfo"
          ]
        }
      ]
    },
    {
      "module": "module.network",
      "mode": "managed",
      "type": "aws_subnet",
      "name": "subnet-b-public",
      "provider": "provider[\"registry.terraform.io/hashicorp/aws\"]",
      "instances": [
        {
          "schema_version": 1,
          "attributes": {
            "arn": "arn:aws:ec2:us-east-1:840175130015:subnet/subnet-0094eeb2719f4e06f",
            "assign_ipv6_address_on_creation": false,
            "availability_zone": "us-east-1b",
            "availability_zone_id": "use1-az6",
            "cidr_block": "10.0.2.0/24",
            "customer_owned_ipv4_pool": "",
            "enable_dns64": false,
            "enable_resource_name_dns_a_record_on_launch": false,
            "enable_resource_name_dns_aaaa_record_on_launch": false,
            "id": "subnet-0094eeb2719f4e06f",
            "ipv6_cidr_block": "",
            "ipv6_cidr_block_association_id": "",
            "ipv6_native": false,
            "map_customer_owned_ip_on_launch": false,
            "map_public_ip_on_launch": true,
            "outpost_arn": "",
            "owner_id": "840175130015",
            "private_dns_hostname_type_on_launch": "ip-name",
            "tags": {
              "Name": "subnet-b-public"
            },
            "tags_all": {
              "Name": "subnet-b-public",
              "from": "terraform",
              "owner": "Adolfo.Ninapaytan"
            },
            "timeouts": null,
            "vpc_id": "vpc-09a7cdec59a66096e"
          },
          "sensitive_attributes": [],
          "private": "eyJlMmJmYjczMC1lY2FhLTExZTYtOGY4OC0zNDM2M2JjN2M0YzAiOnsiY3JlYXRlIjo2MDAwMDAwMDAwMDAsImRlbGV0ZSI6MTIwMDAwMDAwMDAwMH0sInNjaGVtYV92ZXJzaW9uIjoiMSJ9",
          "dependencies": [
            "module.network.aws_vpc.vpc-adolfo"
          ]
        }
      ]
    },
    {
      "module": "module.network",
      "mode": "managed",
      "type": "aws_vpc",
      "name": "vpc-adolfo",
      "provider": "provider[\"registry.terraform.io/hashicorp/aws\"]",
      "instances": [
        {
          "schema_version": 1,
          "attributes": {
            "arn": "arn:aws:ec2:us-east-1:840175130015:vpc/vpc-09a7cdec59a66096e",
            "assign_generated_ipv6_cidr_block": false,
            "cidr_block": "10.0.0.0/16",
            "default_network_acl_id": "acl-0190b2cdefa7d18c5",
            "default_route_table_id": "rtb-02f99da03b73c9fd4",
            "default_security_group_id": "sg-0e703f6393389c5d8",
            "dhcp_options_id": "dopt-09d57686001c6faeb",
            "enable_classiclink": false,
            "enable_classiclink_dns_support": false,
            "enable_dns_hostnames": true,
            "enable_dns_support": true,
            "id": "vpc-09a7cdec59a66096e",
            "instance_tenancy": "default",
            "ipv4_ipam_pool_id": null,
            "ipv4_netmask_length": null,
            "ipv6_association_id": "",
            "ipv6_cidr_block": "",
            "ipv6_cidr_block_network_border_group": "",
            "ipv6_ipam_pool_id": "",
            "ipv6_netmask_length": 0,
            "main_route_table_id": "rtb-02f99da03b73c9fd4",
            "owner_id": "840175130015",
            "tags": {
              "Name": "adolfo-vpc"
            },
            "tags_all": {
              "Name": "adolfo-vpc",
              "from": "terraform",
              "owner": "Adolfo.Ninapaytan"
            }
          },
          "sensitive_attributes": [],
          "private": "eyJzY2hlbWFfdmVyc2lvbiI6IjEifQ=="
        }
      ]
    },
    {
      "module": "module.security-groups",
      "mode": "data",
      "type": "aws_vpc",
      "name": "dvpc-adolfo",
      "provider": "provider[\"registry.terraform.io/hashicorp/aws\"]",
      "instances": [
        {
          "schema_version": 0,
          "attributes": {
            "arn": "arn:aws:ec2:us-east-1:840175130015:vpc/vpc-09a7cdec59a66096e",
            "cidr_block": "10.0.0.0/16",
            "cidr_block_associations": [
              {
                "association_id": "vpc-cidr-assoc-0640c8bdf41da7e77",
                "cidr_block": "10.0.0.0/16",
                "state": "associated"
              }
            ],
            "default": false,
            "dhcp_options_id": "dopt-09d57686001c6faeb",
            "enable_dns_hostnames": true,
            "enable_dns_support": true,
            "filter": null,
            "id": "vpc-09a7cdec59a66096e",
            "instance_tenancy": "default",
            "ipv6_association_id": "",
            "ipv6_cidr_block": "",
            "main_route_table_id": "rtb-02f99da03b73c9fd4",
            "owner_id": "840175130015",
            "state": null,
            "tags": {
              "Name": "adolfo-vpc",
              "from": "terraform",
              "owner": "Adolfo.Ninapaytan"
            },
            "timeouts": null
          },
          "sensitive_attributes": []
        }
      ]
    },
    {
      "module": "module.security-groups",
      "mode": "managed",
      "type": "aws_security_group",
      "name": "allow_http_ssh",
      "provider": "provider[\"registry.terraform.io/hashicorp/aws\"]",
      "instances": [
        {
          "schema_version": 1,
          "attributes": {
            "arn": "arn:aws:ec2:us-east-1:840175130015:security-group/sg-088ca010d6336b0cb",
            "description": "Allow http inbound traffic",
            "egress": [
              {
                "cidr_blocks": [
                  "0.0.0.0/0"
                ],
                "description": "",
                "from_port": 0,
                "ipv6_cidr_blocks": [],
                "prefix_list_ids": [],
                "protocol": "-1",
                "security_groups": [],
                "self": false,
                "to_port": 0
              }
            ],
            "id": "sg-088ca010d6336b0cb",
            "ingress": [
              {
                "cidr_blocks": [
                  "0.0.0.0/0"
                ],
                "description": "http",
                "from_port": 80,
                "ipv6_cidr_blocks": [],
                "prefix_list_ids": [],
                "protocol": "tcp",
                "security_groups": [],
                "self": false,
                "to_port": 80
              },
              {
                "cidr_blocks": [
                  "0.0.0.0/0"
                ],
                "description": "ssh",
                "from_port": 22,
                "ipv6_cidr_blocks": [],
                "prefix_list_ids": [],
                "protocol": "tcp",
                "security_groups": [],
                "self": false,
                "to_port": 22
              }
            ],
            "name": "allow_http",
            "name_prefix": "",
            "owner_id": "840175130015",
            "revoke_rules_on_delete": false,
            "tags": {
              "Name": "allow_http_ssh"
            },
            "tags_all": {
              "Name": "allow_http_ssh",
              "from": "terraform",
              "owner": "Adolfo.Ninapaytan"
            },
            "timeouts": null,
            "vpc_id": "vpc-09a7cdec59a66096e"
          },
          "sensitive_attributes": [],
          "private": "eyJlMmJmYjczMC1lY2FhLTExZTYtOGY4OC0zNDM2M2JjN2M0YzAiOnsiY3JlYXRlIjo2MDAwMDAwMDAwMDAsImRlbGV0ZSI6OTAwMDAwMDAwMDAwfSwic2NoZW1hX3ZlcnNpb24iOiIxIn0=",
          "dependencies": [
            "module.network.aws_vpc.vpc-adolfo",
            "module.security-groups.data.aws_vpc.dvpc-adolfo"
          ]
        }
      ]
    }
  ]
}
